// !$*UTF8*$!
{
	archiveVersion = 1;
	classes = {
	};
	objectVersion = 50;
	objects = {

/* Begin PBXBuildFile section */
		7203F334225D76F400DD5618 /* PublicParking.swift in Sources */ = {isa = PBXBuildFile; fileRef = 7203F333225D76F400DD5618 /* PublicParking.swift */; };
		7203F336225D7A3100DD5618 /* JSONUtil.swift in Sources */ = {isa = PBXBuildFile; fileRef = 7203F335225D7A3100DD5618 /* JSONUtil.swift */; };
		720965DE224A790700C4F26E /* LoginViewControler.swift in Sources */ = {isa = PBXBuildFile; fileRef = 720965DD224A790700C4F26E /* LoginViewControler.swift */; };
		721AF4D82255A23300489053 /* GTSFStore.xcdatamodeld in Sources */ = {isa = PBXBuildFile; fileRef = 721AF4D62255A23300489053 /* GTSFStore.xcdatamodeld */; };
		724574A42241492A00C26197 /* AppDelegate.swift in Sources */ = {isa = PBXBuildFile; fileRef = 724574A32241492A00C26197 /* AppDelegate.swift */; };
		724574B92241492D00C26197 /* colvalTests.swift in Sources */ = {isa = PBXBuildFile; fileRef = 724574B82241492D00C26197 /* colvalTests.swift */; };
		724574CB224149D100C26197 /* DataControler.swift in Sources */ = {isa = PBXBuildFile; fileRef = 724574C8224149D100C26197 /* DataControler.swift */; };
		724574CC224149D100C26197 /* ParkingViewController.swift in Sources */ = {isa = PBXBuildFile; fileRef = 724574C9224149D100C26197 /* ParkingViewController.swift */; };
		724574CD224149D100C26197 /* BusControler.swift in Sources */ = {isa = PBXBuildFile; fileRef = 724574CA224149D100C26197 /* BusControler.swift */; };
		724574E8224149DE00C26197 /* User.swift in Sources */ = {isa = PBXBuildFile; fileRef = 724574DA224149DE00C26197 /* User.swift */; };
		724574E9224149DE00C26197 /* Rent.swift in Sources */ = {isa = PBXBuildFile; fileRef = 724574DB224149DE00C26197 /* Rent.swift */; };
		724574EA224149DE00C26197 /* Parking.swift in Sources */ = {isa = PBXBuildFile; fileRef = 724574DC224149DE00C26197 /* Parking.swift */; };
		724574EE224149EC00C26197 /* ViewController.swift in Sources */ = {isa = PBXBuildFile; fileRef = 724574EC224149EC00C26197 /* ViewController.swift */; };
		724574EF224149EC00C26197 /* ReservationControler.swift in Sources */ = {isa = PBXBuildFile; fileRef = 724574ED224149EC00C26197 /* ReservationControler.swift */; };
		725083DD226AB15500EBC75E /* Stops+CoreDataClass.swift in Sources */ = {isa = PBXBuildFile; fileRef = 725083D9226AB09E00EBC75E /* Stops+CoreDataClass.swift */; };
		7285BED722562DEA00B454DE /* CoreData.swift in Sources */ = {isa = PBXBuildFile; fileRef = 7285BED622562DEA00B454DE /* CoreData.swift */; };
		7285BED922562E1E00B454DE /* DatelUtil.swift in Sources */ = {isa = PBXBuildFile; fileRef = 7285BED822562E1E00B454DE /* DatelUtil.swift */; };
		7285BEDB22562F1200B454DE /* DefaultData.swift in Sources */ = {isa = PBXBuildFile; fileRef = 7285BEDA22562F1200B454DE /* DefaultData.swift */; };
		72AA7E16226A2EBD00B6B4CB /* RouteTVControler.swift in Sources */ = {isa = PBXBuildFile; fileRef = 72AA7E15226A2EBD00B6B4CB /* RouteTVControler.swift */; };
		72AA7E18226A394100B6B4CB /* RouteDataManager.swift in Sources */ = {isa = PBXBuildFile; fileRef = 72AA7E17226A394100B6B4CB /* RouteDataManager.swift */; };
		72AA7E1A226A412500B6B4CB /* RouteTVControlerListener.swift in Sources */ = {isa = PBXBuildFile; fileRef = 72AA7E19226A412500B6B4CB /* RouteTVControlerListener.swift */; };
		72BB3EB0226699260048D450 /* CSVUtil.swift in Sources */ = {isa = PBXBuildFile; fileRef = 72BB3EAF226699260048D450 /* CSVUtil.swift */; };
		72BB3EC52266A8DF0048D450 /* pi_agency.txt in Resources */ = {isa = PBXBuildFile; fileRef = E43675162266124F00EE2F41 /* pi_agency.txt */; };
		72BB3EC62266A8DF0048D450 /* pi_calendar.txt in Resources */ = {isa = PBXBuildFile; fileRef = E43675172266124F00EE2F41 /* pi_calendar.txt */; };
		72BB3EC72266A8DF0048D450 /* pi_calendar_dates.txt in Resources */ = {isa = PBXBuildFile; fileRef = E43675182266124F00EE2F41 /* pi_calendar_dates.txt */; };
		72BB3EC82266A8DF0048D450 /* pi_fare_attributes.txt in Resources */ = {isa = PBXBuildFile; fileRef = E43675192266124F00EE2F41 /* pi_fare_attributes.txt */; };
		72BB3EC92266A8DF0048D450 /* pi_fare_rules.txt in Resources */ = {isa = PBXBuildFile; fileRef = E436751A2266124F00EE2F41 /* pi_fare_rules.txt */; };
		72BB3ECA2266A8DF0048D450 /* pi_routes.txt in Resources */ = {isa = PBXBuildFile; fileRef = E436751B2266124F00EE2F41 /* pi_routes.txt */; };
		72BB3ECB2266A8DF0048D450 /* pi_shapes.txt in Resources */ = {isa = PBXBuildFile; fileRef = E436751C2266124F00EE2F41 /* pi_shapes.txt */; };
		72BB3ECC2266A8DF0048D450 /* pi_stop_times.txt in Resources */ = {isa = PBXBuildFile; fileRef = E436751D2266124F00EE2F41 /* pi_stop_times.txt */; };
		72BB3ECD2266A8DF0048D450 /* pi_stops.txt in Resources */ = {isa = PBXBuildFile; fileRef = E436751E2266124F00EE2F41 /* pi_stops.txt */; };
		72BB3ECE2266A8DF0048D450 /* pi_trips.txt in Resources */ = {isa = PBXBuildFile; fileRef = E436751F2266124F00EE2F41 /* pi_trips.txt */; };
		72BB3ECF2266A8DF0048D450 /* so_agency.txt in Resources */ = {isa = PBXBuildFile; fileRef = E43675212266124F00EE2F41 /* so_agency.txt */; };
		72BB3ED02266A8DF0048D450 /* so_calendar.txt in Resources */ = {isa = PBXBuildFile; fileRef = E43675222266124F00EE2F41 /* so_calendar.txt */; };
		72BB3ED12266A8DF0048D450 /* so_calendar_dates.txt in Resources */ = {isa = PBXBuildFile; fileRef = E43675232266124F00EE2F41 /* so_calendar_dates.txt */; };
		72BB3ED22266A8DF0048D450 /* so_fare_attributes.txt in Resources */ = {isa = PBXBuildFile; fileRef = E43675242266124F00EE2F41 /* so_fare_attributes.txt */; };
		72BB3ED32266A8DF0048D450 /* so_fare_rules.txt in Resources */ = {isa = PBXBuildFile; fileRef = E43675252266124F00EE2F41 /* so_fare_rules.txt */; };
		72BB3ED42266A8DF0048D450 /* so_routes.txt in Resources */ = {isa = PBXBuildFile; fileRef = E43675262266124F00EE2F41 /* so_routes.txt */; };
		72BB3ED52266A8DF0048D450 /* so_shapes.txt in Resources */ = {isa = PBXBuildFile; fileRef = E43675272266124F00EE2F41 /* so_shapes.txt */; };
		72BB3ED62266A8DF0048D450 /* so_stop_times.txt in Resources */ = {isa = PBXBuildFile; fileRef = E43675282266124F00EE2F41 /* so_stop_times.txt */; };
		72BB3ED72266A8DF0048D450 /* so_stops.txt in Resources */ = {isa = PBXBuildFile; fileRef = E43675292266124F00EE2F41 /* so_stops.txt */; };
		72BB3ED82266A8DF0048D450 /* so_trips.txt in Resources */ = {isa = PBXBuildFile; fileRef = E436752A2266124F00EE2F41 /* so_trips.txt */; };
		72BB3F3B2266B73B0048D450 /* Agency+CoreDataClass.swift in Sources */ = {isa = PBXBuildFile; fileRef = 72BB3F2D2266B73B0048D450 /* Agency+CoreDataClass.swift */; };
		72BB3F3F2266B73B0048D450 /* StopTimes+CoreDataClass.swift in Sources */ = {isa = PBXBuildFile; fileRef = 72BB3F312266B73B0048D450 /* StopTimes+CoreDataClass.swift */; };
		72BB3F432266B73B0048D450 /* Trips+CoreDataClass.swift in Sources */ = {isa = PBXBuildFile; fileRef = 72BB3F352266B73B0048D450 /* Trips+CoreDataClass.swift */; };
		72BB3F452266B73B0048D450 /* Routes+CoreDataClass.swift in Sources */ = {isa = PBXBuildFile; fileRef = 72BB3F372266B73B0048D450 /* Routes+CoreDataClass.swift */; };
		72BB3F472266B73B0048D450 /* Shape+CoreDataClass.swift in Sources */ = {isa = PBXBuildFile; fileRef = 72BB3F392266B73B0048D450 /* Shape+CoreDataClass.swift */; };
		72BB3F4A2266B8C10048D450 /* Calender+CoreDataClass.swift in Sources */ = {isa = PBXBuildFile; fileRef = 72BB3F2F2266B73B0048D450 /* Calender+CoreDataClass.swift */; };
		72D2DE00226CC7B200BE9A73 /* FavRouteTableViewCell.swift in Sources */ = {isa = PBXBuildFile; fileRef = 72D2DDFF226CC7B200BE9A73 /* FavRouteTableViewCell.swift */; };
		72DACFBC226A0AB600E66D24 /* RouteTableViewCell.swift in Sources */ = {isa = PBXBuildFile; fileRef = 72DACFBB226A0AB600E66D24 /* RouteTableViewCell.swift */; };
		E436753F226613DF00EE2F41 /* Main.storyboard in Resources */ = {isa = PBXBuildFile; fileRef = 724574C4224149AA00C26197 /* Main.storyboard */; };
		E43675402266143A00EE2F41 /* AppDelegate.swift in Resources */ = {isa = PBXBuildFile; fileRef = 724574A32241492A00C26197 /* AppDelegate.swift */; };
		E43675412266143A00EE2F41 /* ViewController.swift in Resources */ = {isa = PBXBuildFile; fileRef = 724574EC224149EC00C26197 /* ViewController.swift */; };
		E43675422266143A00EE2F41 /* LaunchScreen.storyboard in Resources */ = {isa = PBXBuildFile; fileRef = 724574C3224149AA00C26197 /* LaunchScreen.storyboard */; };
		E43675432266143A00EE2F41 /* Assets.xcassets in Resources */ = {isa = PBXBuildFile; fileRef = 724574AA2241492D00C26197 /* Assets.xcassets */; };
		E4B60E732268BAA600DD6C85 /* LineSelectorController.swift in Sources */ = {isa = PBXBuildFile; fileRef = E4B60E712268BAA600DD6C85 /* LineSelectorController.swift */; };
		E4B60E742268BAA600DD6C85 /* BusMapViewController.swift in Sources */ = {isa = PBXBuildFile; fileRef = E4B60E722268BAA600DD6C85 /* BusMapViewController.swift */; };
		E4F2F785227FDDF3008444AF /* AnotationButton.swift in Sources */ = {isa = PBXBuildFile; fileRef = E4F2F784227FDDF3008444AF /* AnotationButton.swift */; };
		E4F2F787227FE68B008444AF /* AlarmController.swift in Sources */ = {isa = PBXBuildFile; fileRef = E4F2F786227FE68B008444AF /* AlarmController.swift */; };
/* End PBXBuildFile section */

/* Begin PBXContainerItemProxy section */
		724574B52241492D00C26197 /* PBXContainerItemProxy */ = {
			isa = PBXContainerItemProxy;
			containerPortal = 724574982241492A00C26197 /* Project object */;
			proxyType = 1;
			remoteGlobalIDString = 7245749F2241492A00C26197;
			remoteInfo = colval;
		};
/* End PBXContainerItemProxy section */

/* Begin PBXFileReference section */
		7203F333225D76F400DD5618 /* PublicParking.swift */ = {isa = PBXFileReference; lastKnownFileType = sourcecode.swift; path = PublicParking.swift; sourceTree = "<group>"; };
		7203F335225D7A3100DD5618 /* JSONUtil.swift */ = {isa = PBXFileReference; lastKnownFileType = sourcecode.swift; path = JSONUtil.swift; sourceTree = "<group>"; };
		720965DD224A790700C4F26E /* LoginViewControler.swift */ = {isa = PBXFileReference; lastKnownFileType = sourcecode.swift; path = LoginViewControler.swift; sourceTree = "<group>"; };
		721AF4D72255A23300489053 /* GTSFStore.xcdatamodel */ = {isa = PBXFileReference; lastKnownFileType = wrapper.xcdatamodel; path = GTSFStore.xcdatamodel; sourceTree = "<group>"; };
		724574A02241492A00C26197 /* colval.app */ = {isa = PBXFileReference; explicitFileType = wrapper.application; includeInIndex = 0; path = colval.app; sourceTree = BUILT_PRODUCTS_DIR; };
		724574A32241492A00C26197 /* AppDelegate.swift */ = {isa = PBXFileReference; lastKnownFileType = sourcecode.swift; path = AppDelegate.swift; sourceTree = "<group>"; };
		724574AA2241492D00C26197 /* Assets.xcassets */ = {isa = PBXFileReference; lastKnownFileType = folder.assetcatalog; path = Assets.xcassets; sourceTree = "<group>"; };
		724574AF2241492D00C26197 /* Info.plist */ = {isa = PBXFileReference; lastKnownFileType = text.plist.xml; path = Info.plist; sourceTree = "<group>"; };
		724574B42241492D00C26197 /* colvalTests.xctest */ = {isa = PBXFileReference; explicitFileType = wrapper.cfbundle; includeInIndex = 0; path = colvalTests.xctest; sourceTree = BUILT_PRODUCTS_DIR; };
		724574B82241492D00C26197 /* colvalTests.swift */ = {isa = PBXFileReference; lastKnownFileType = sourcecode.swift; path = colvalTests.swift; sourceTree = "<group>"; };
		724574BA2241492D00C26197 /* Info.plist */ = {isa = PBXFileReference; lastKnownFileType = text.plist.xml; path = Info.plist; sourceTree = "<group>"; };
		724574C3224149AA00C26197 /* LaunchScreen.storyboard */ = {isa = PBXFileReference; fileEncoding = 4; lastKnownFileType = file.storyboard; path = LaunchScreen.storyboard; sourceTree = "<group>"; };
		724574C4224149AA00C26197 /* Main.storyboard */ = {isa = PBXFileReference; fileEncoding = 4; lastKnownFileType = file.storyboard; path = Main.storyboard; sourceTree = "<group>"; };
		724574C8224149D100C26197 /* DataControler.swift */ = {isa = PBXFileReference; fileEncoding = 4; lastKnownFileType = sourcecode.swift; path = DataControler.swift; sourceTree = "<group>"; };
		724574C9224149D100C26197 /* ParkingViewController.swift */ = {isa = PBXFileReference; fileEncoding = 4; lastKnownFileType = sourcecode.swift; path = ParkingViewController.swift; sourceTree = "<group>"; };
		724574CA224149D100C26197 /* BusControler.swift */ = {isa = PBXFileReference; fileEncoding = 4; lastKnownFileType = sourcecode.swift; path = BusControler.swift; sourceTree = "<group>"; };
		724574DA224149DE00C26197 /* User.swift */ = {isa = PBXFileReference; fileEncoding = 4; lastKnownFileType = sourcecode.swift; path = User.swift; sourceTree = "<group>"; };
		724574DB224149DE00C26197 /* Rent.swift */ = {isa = PBXFileReference; fileEncoding = 4; lastKnownFileType = sourcecode.swift; path = Rent.swift; sourceTree = "<group>"; };
		724574DC224149DE00C26197 /* Parking.swift */ = {isa = PBXFileReference; fileEncoding = 4; lastKnownFileType = sourcecode.swift; path = Parking.swift; sourceTree = "<group>"; };
		724574EC224149EC00C26197 /* ViewController.swift */ = {isa = PBXFileReference; fileEncoding = 4; lastKnownFileType = sourcecode.swift; path = ViewController.swift; sourceTree = "<group>"; };
		724574ED224149EC00C26197 /* ReservationControler.swift */ = {isa = PBXFileReference; fileEncoding = 4; lastKnownFileType = sourcecode.swift; path = ReservationControler.swift; sourceTree = "<group>"; };
		724DB7282267FD31008B7B3D /* Agency+CoreDataProperties.swift */ = {isa = PBXFileReference; lastKnownFileType = sourcecode.swift; name = "Agency+CoreDataProperties.swift"; path = "../../../../Agency+CoreDataProperties.swift"; sourceTree = "<group>"; };
		724DB72C22680F32008B7B3D /* Routes+CoreDataProperties.swift */ = {isa = PBXFileReference; lastKnownFileType = sourcecode.swift; name = "Routes+CoreDataProperties.swift"; path = "../../../../Routes+CoreDataProperties.swift"; sourceTree = "<group>"; };
		725083D9226AB09E00EBC75E /* Stops+CoreDataClass.swift */ = {isa = PBXFileReference; lastKnownFileType = sourcecode.swift; path = "Stops+CoreDataClass.swift"; sourceTree = "<group>"; };
		725083DA226AB09E00EBC75E /* Stops+CoreDataProperties.swift */ = {isa = PBXFileReference; lastKnownFileType = sourcecode.swift; path = "Stops+CoreDataProperties.swift"; sourceTree = "<group>"; };
		7285BED622562DEA00B454DE /* CoreData.swift */ = {isa = PBXFileReference; fileEncoding = 4; lastKnownFileType = sourcecode.swift; path = CoreData.swift; sourceTree = "<group>"; };
		7285BED822562E1E00B454DE /* DatelUtil.swift */ = {isa = PBXFileReference; lastKnownFileType = sourcecode.swift; path = DatelUtil.swift; sourceTree = "<group>"; };
		7285BEDA22562F1200B454DE /* DefaultData.swift */ = {isa = PBXFileReference; lastKnownFileType = sourcecode.swift; path = DefaultData.swift; sourceTree = "<group>"; };
		72AA7E15226A2EBD00B6B4CB /* RouteTVControler.swift */ = {isa = PBXFileReference; lastKnownFileType = sourcecode.swift; path = RouteTVControler.swift; sourceTree = "<group>"; };
		72AA7E17226A394100B6B4CB /* RouteDataManager.swift */ = {isa = PBXFileReference; lastKnownFileType = sourcecode.swift; path = RouteDataManager.swift; sourceTree = "<group>"; };
		72AA7E19226A412500B6B4CB /* RouteTVControlerListener.swift */ = {isa = PBXFileReference; lastKnownFileType = sourcecode.swift; path = RouteTVControlerListener.swift; sourceTree = "<group>"; };
		72BB3EAF226699260048D450 /* CSVUtil.swift */ = {isa = PBXFileReference; lastKnownFileType = sourcecode.swift; path = CSVUtil.swift; sourceTree = "<group>"; };
		72BB3F2D2266B73B0048D450 /* Agency+CoreDataClass.swift */ = {isa = PBXFileReference; lastKnownFileType = sourcecode.swift; path = "Agency+CoreDataClass.swift"; sourceTree = "<group>"; };
		72BB3F2F2266B73B0048D450 /* Calender+CoreDataClass.swift */ = {isa = PBXFileReference; lastKnownFileType = sourcecode.swift; path = "Calender+CoreDataClass.swift"; sourceTree = "<group>"; };
		72BB3F302266B73B0048D450 /* Calender+CoreDataProperties.swift */ = {isa = PBXFileReference; lastKnownFileType = sourcecode.swift; path = "Calender+CoreDataProperties.swift"; sourceTree = "<group>"; };
		72BB3F312266B73B0048D450 /* StopTimes+CoreDataClass.swift */ = {isa = PBXFileReference; lastKnownFileType = sourcecode.swift; path = "StopTimes+CoreDataClass.swift"; sourceTree = "<group>"; };
		72BB3F322266B73B0048D450 /* StopTimes+CoreDataProperties.swift */ = {isa = PBXFileReference; lastKnownFileType = sourcecode.swift; path = "StopTimes+CoreDataProperties.swift"; sourceTree = "<group>"; };
		72BB3F352266B73B0048D450 /* Trips+CoreDataClass.swift */ = {isa = PBXFileReference; lastKnownFileType = sourcecode.swift; path = "Trips+CoreDataClass.swift"; sourceTree = "<group>"; };
		72BB3F362266B73B0048D450 /* Trips+CoreDataProperties.swift */ = {isa = PBXFileReference; lastKnownFileType = sourcecode.swift; path = "Trips+CoreDataProperties.swift"; sourceTree = "<group>"; };
		72BB3F372266B73B0048D450 /* Routes+CoreDataClass.swift */ = {isa = PBXFileReference; lastKnownFileType = sourcecode.swift; path = "Routes+CoreDataClass.swift"; sourceTree = "<group>"; };
		72BB3F392266B73B0048D450 /* Shape+CoreDataClass.swift */ = {isa = PBXFileReference; lastKnownFileType = sourcecode.swift; path = "Shape+CoreDataClass.swift"; sourceTree = "<group>"; };
		72BB3F3A2266B73B0048D450 /* Shape+CoreDataProperties.swift */ = {isa = PBXFileReference; lastKnownFileType = sourcecode.swift; path = "Shape+CoreDataProperties.swift"; sourceTree = "<group>"; };
		72D2DDFF226CC7B200BE9A73 /* FavRouteTableViewCell.swift */ = {isa = PBXFileReference; lastKnownFileType = sourcecode.swift; path = FavRouteTableViewCell.swift; sourceTree = "<group>"; };
		72DACFBB226A0AB600E66D24 /* RouteTableViewCell.swift */ = {isa = PBXFileReference; lastKnownFileType = sourcecode.swift; path = RouteTableViewCell.swift; sourceTree = "<group>"; };
		E43675162266124F00EE2F41 /* pi_agency.txt */ = {isa = PBXFileReference; fileEncoding = 4; lastKnownFileType = text; path = pi_agency.txt; sourceTree = "<group>"; };
		E43675172266124F00EE2F41 /* pi_calendar.txt */ = {isa = PBXFileReference; fileEncoding = 4; lastKnownFileType = text; path = pi_calendar.txt; sourceTree = "<group>"; };
		E43675182266124F00EE2F41 /* pi_calendar_dates.txt */ = {isa = PBXFileReference; fileEncoding = 4; lastKnownFileType = text; path = pi_calendar_dates.txt; sourceTree = "<group>"; };
		E43675192266124F00EE2F41 /* pi_fare_attributes.txt */ = {isa = PBXFileReference; fileEncoding = 4; lastKnownFileType = text; path = pi_fare_attributes.txt; sourceTree = "<group>"; };
		E436751A2266124F00EE2F41 /* pi_fare_rules.txt */ = {isa = PBXFileReference; fileEncoding = 4; lastKnownFileType = text; path = pi_fare_rules.txt; sourceTree = "<group>"; };
		E436751B2266124F00EE2F41 /* pi_routes.txt */ = {isa = PBXFileReference; fileEncoding = 4; lastKnownFileType = text; path = pi_routes.txt; sourceTree = "<group>"; };
		E436751C2266124F00EE2F41 /* pi_shapes.txt */ = {isa = PBXFileReference; fileEncoding = 4; lastKnownFileType = text; path = pi_shapes.txt; sourceTree = "<group>"; };
		E436751D2266124F00EE2F41 /* pi_stop_times.txt */ = {isa = PBXFileReference; fileEncoding = 4; lastKnownFileType = text; path = pi_stop_times.txt; sourceTree = "<group>"; };
		E436751E2266124F00EE2F41 /* pi_stops.txt */ = {isa = PBXFileReference; fileEncoding = 4; lastKnownFileType = text; path = pi_stops.txt; sourceTree = "<group>"; };
		E436751F2266124F00EE2F41 /* pi_trips.txt */ = {isa = PBXFileReference; fileEncoding = 4; lastKnownFileType = text; path = pi_trips.txt; sourceTree = "<group>"; };
		E43675212266124F00EE2F41 /* so_agency.txt */ = {isa = PBXFileReference; fileEncoding = 4; lastKnownFileType = text; path = so_agency.txt; sourceTree = "<group>"; };
		E43675222266124F00EE2F41 /* so_calendar.txt */ = {isa = PBXFileReference; fileEncoding = 4; lastKnownFileType = text; path = so_calendar.txt; sourceTree = "<group>"; };
		E43675232266124F00EE2F41 /* so_calendar_dates.txt */ = {isa = PBXFileReference; fileEncoding = 4; lastKnownFileType = text; path = so_calendar_dates.txt; sourceTree = "<group>"; };
		E43675242266124F00EE2F41 /* so_fare_attributes.txt */ = {isa = PBXFileReference; fileEncoding = 4; lastKnownFileType = text; path = so_fare_attributes.txt; sourceTree = "<group>"; };
		E43675252266124F00EE2F41 /* so_fare_rules.txt */ = {isa = PBXFileReference; fileEncoding = 4; lastKnownFileType = text; path = so_fare_rules.txt; sourceTree = "<group>"; };
		E43675262266124F00EE2F41 /* so_routes.txt */ = {isa = PBXFileReference; fileEncoding = 4; lastKnownFileType = text; path = so_routes.txt; sourceTree = "<group>"; };
		E43675272266124F00EE2F41 /* so_shapes.txt */ = {isa = PBXFileReference; fileEncoding = 4; lastKnownFileType = text; path = so_shapes.txt; sourceTree = "<group>"; };
		E43675282266124F00EE2F41 /* so_stop_times.txt */ = {isa = PBXFileReference; fileEncoding = 4; lastKnownFileType = text; path = so_stop_times.txt; sourceTree = "<group>"; };
		E43675292266124F00EE2F41 /* so_stops.txt */ = {isa = PBXFileReference; fileEncoding = 4; lastKnownFileType = text; path = so_stops.txt; sourceTree = "<group>"; };
		E436752A2266124F00EE2F41 /* so_trips.txt */ = {isa = PBXFileReference; fileEncoding = 4; lastKnownFileType = text; path = so_trips.txt; sourceTree = "<group>"; };
		E4B60E712268BAA600DD6C85 /* LineSelectorController.swift */ = {isa = PBXFileReference; fileEncoding = 4; lastKnownFileType = sourcecode.swift; path = LineSelectorController.swift; sourceTree = "<group>"; };
		E4B60E722268BAA600DD6C85 /* BusMapViewController.swift */ = {isa = PBXFileReference; fileEncoding = 4; lastKnownFileType = sourcecode.swift; path = BusMapViewController.swift; sourceTree = "<group>"; };
		E4F2F784227FDDF3008444AF /* AnotationButton.swift */ = {isa = PBXFileReference; lastKnownFileType = sourcecode.swift; path = AnotationButton.swift; sourceTree = "<group>"; };
		E4F2F786227FE68B008444AF /* AlarmController.swift */ = {isa = PBXFileReference; lastKnownFileType = sourcecode.swift; path = AlarmController.swift; sourceTree = "<group>"; };
/* End PBXFileReference section */

/* Begin PBXFrameworksBuildPhase section */
		7245749D2241492A00C26197 /* Frameworks */ = {
			isa = PBXFrameworksBuildPhase;
			buildActionMask = 2147483647;
			files = (
			);
			runOnlyForDeploymentPostprocessing = 0;
		};
		724574B12241492D00C26197 /* Frameworks */ = {
			isa = PBXFrameworksBuildPhase;
			buildActionMask = 2147483647;
			files = (
			);
			runOnlyForDeploymentPostprocessing = 0;
		};
/* End PBXFrameworksBuildPhase section */

/* Begin PBXGroup section */
		721AF4D52255A1D800489053 /* CoreData */ = {
			isa = PBXGroup;
			children = (
				72BB3F2D2266B73B0048D450 /* Agency+CoreDataClass.swift */,
				724DB7282267FD31008B7B3D /* Agency+CoreDataProperties.swift */,
				72BB3F2F2266B73B0048D450 /* Calender+CoreDataClass.swift */,
				72BB3F302266B73B0048D450 /* Calender+CoreDataProperties.swift */,
				725083D9226AB09E00EBC75E /* Stops+CoreDataClass.swift */,
				725083DA226AB09E00EBC75E /* Stops+CoreDataProperties.swift */,
				72BB3F312266B73B0048D450 /* StopTimes+CoreDataClass.swift */,
				72BB3F322266B73B0048D450 /* StopTimes+CoreDataProperties.swift */,
				72BB3F352266B73B0048D450 /* Trips+CoreDataClass.swift */,
				72BB3F362266B73B0048D450 /* Trips+CoreDataProperties.swift */,
				72BB3F372266B73B0048D450 /* Routes+CoreDataClass.swift */,
				724DB72C22680F32008B7B3D /* Routes+CoreDataProperties.swift */,
				72BB3F392266B73B0048D450 /* Shape+CoreDataClass.swift */,
				72BB3F3A2266B73B0048D450 /* Shape+CoreDataProperties.swift */,
				721AF4D62255A23300489053 /* GTSFStore.xcdatamodeld */,
			);
			path = CoreData;
			sourceTree = "<group>";
		};
		724574972241492A00C26197 = {
			isa = PBXGroup;
			children = (
				724574A22241492A00C26197 /* colval */,
				724574B72241492D00C26197 /* colvalTests */,
				724574A12241492A00C26197 /* Products */,
			);
			sourceTree = "<group>";
		};
		724574A12241492A00C26197 /* Products */ = {
			isa = PBXGroup;
			children = (
				724574A02241492A00C26197 /* colval.app */,
				724574B42241492D00C26197 /* colvalTests.xctest */,
			);
			name = Products;
			sourceTree = "<group>";
		};
		724574A22241492A00C26197 /* colval */ = {
			isa = PBXGroup;
			children = (
				7285BED522562DBF00B454DE /* Data */,
				724574CE224149DE00C26197 /* Model */,
				724574C7224149D100C26197 /* Controler */,
				724574A32241492A00C26197 /* AppDelegate.swift */,
				724574C3224149AA00C26197 /* LaunchScreen.storyboard */,
				724574C4224149AA00C26197 /* Main.storyboard */,
				724574AA2241492D00C26197 /* Assets.xcassets */,
				724574AF2241492D00C26197 /* Info.plist */,
			);
			path = colval;
			sourceTree = "<group>";
		};
		724574B72241492D00C26197 /* colvalTests */ = {
			isa = PBXGroup;
			children = (
				724574B82241492D00C26197 /* colvalTests.swift */,
				724574BA2241492D00C26197 /* Info.plist */,
			);
			path = colvalTests;
			sourceTree = "<group>";
		};
		724574C7224149D100C26197 /* Controler */ = {
			isa = PBXGroup;
			children = (
				72DACFBA226A0A7100E66D24 /* RoutesTableView */,
				E4B60E722268BAA600DD6C85 /* BusMapViewController.swift */,
				E4B60E712268BAA600DD6C85 /* LineSelectorController.swift */,
				724574EC224149EC00C26197 /* ViewController.swift */,
				724574C9224149D100C26197 /* ParkingViewController.swift */,
				720965DD224A790700C4F26E /* LoginViewControler.swift */,
				724574ED224149EC00C26197 /* ReservationControler.swift */,
				724574CA224149D100C26197 /* BusControler.swift */,
				E4F2F786227FE68B008444AF /* AlarmController.swift */,
			);
			path = Controler;
			sourceTree = "<group>";
		};
		724574CE224149DE00C26197 /* Model */ = {
			isa = PBXGroup;
			children = (
				7285BED322562D6D00B454DE /* Parking */,
				724574CF224149DE00C26197 /* GTSF */,
				E4F2F784227FDDF3008444AF /* AnotationButton.swift */,
			);
			path = Model;
			sourceTree = "<group>";
		};
		724574CF224149DE00C26197 /* GTSF */ = {
			isa = PBXGroup;
			children = (
				E43675142266124F00EE2F41 /* CSV */,
				721AF4D52255A1D800489053 /* CoreData */,
			);
			path = GTSF;
			sourceTree = "<group>";
		};
		7285BED322562D6D00B454DE /* Parking */ = {
			isa = PBXGroup;
			children = (
				724574DA224149DE00C26197 /* User.swift */,
				724574DB224149DE00C26197 /* Rent.swift */,
				724574DC224149DE00C26197 /* Parking.swift */,
				7203F333225D76F400DD5618 /* PublicParking.swift */,
			);
			path = Parking;
			sourceTree = "<group>";
		};
		7285BED522562DBF00B454DE /* Data */ = {
			isa = PBXGroup;
			children = (
				7285BED622562DEA00B454DE /* CoreData.swift */,
				724574C8224149D100C26197 /* DataControler.swift */,
				7285BED822562E1E00B454DE /* DatelUtil.swift */,
				7285BEDA22562F1200B454DE /* DefaultData.swift */,
				7203F335225D7A3100DD5618 /* JSONUtil.swift */,
				72BB3EAF226699260048D450 /* CSVUtil.swift */,
			);
			path = Data;
			sourceTree = "<group>";
		};
		72DACFBA226A0A7100E66D24 /* RoutesTableView */ = {
			isa = PBXGroup;
			children = (
				72DACFBB226A0AB600E66D24 /* RouteTableViewCell.swift */,
				72D2DDFF226CC7B200BE9A73 /* FavRouteTableViewCell.swift */,
				72AA7E15226A2EBD00B6B4CB /* RouteTVControler.swift */,
				72AA7E17226A394100B6B4CB /* RouteDataManager.swift */,
				72AA7E19226A412500B6B4CB /* RouteTVControlerListener.swift */,
			);
			path = RoutesTableView;
			sourceTree = "<group>";
		};
		E43675142266124F00EE2F41 /* CSV */ = {
			isa = PBXGroup;
			children = (
				E43675152266124F00EE2F41 /* PI */,
				E43675202266124F00EE2F41 /* SO */,
			);
			path = CSV;
			sourceTree = "<group>";
		};
		E43675152266124F00EE2F41 /* PI */ = {
			isa = PBXGroup;
			children = (
				E43675162266124F00EE2F41 /* pi_agency.txt */,
				E43675172266124F00EE2F41 /* pi_calendar.txt */,
				E43675182266124F00EE2F41 /* pi_calendar_dates.txt */,
				E43675192266124F00EE2F41 /* pi_fare_attributes.txt */,
				E436751A2266124F00EE2F41 /* pi_fare_rules.txt */,
				E436751B2266124F00EE2F41 /* pi_routes.txt */,
				E436751C2266124F00EE2F41 /* pi_shapes.txt */,
				E436751D2266124F00EE2F41 /* pi_stop_times.txt */,
				E436751E2266124F00EE2F41 /* pi_stops.txt */,
				E436751F2266124F00EE2F41 /* pi_trips.txt */,
			);
			path = PI;
			sourceTree = "<group>";
		};
		E43675202266124F00EE2F41 /* SO */ = {
			isa = PBXGroup;
			children = (
				E43675212266124F00EE2F41 /* so_agency.txt */,
				E43675222266124F00EE2F41 /* so_calendar.txt */,
				E43675232266124F00EE2F41 /* so_calendar_dates.txt */,
				E43675242266124F00EE2F41 /* so_fare_attributes.txt */,
				E43675252266124F00EE2F41 /* so_fare_rules.txt */,
				E43675262266124F00EE2F41 /* so_routes.txt */,
				E43675272266124F00EE2F41 /* so_shapes.txt */,
				E43675282266124F00EE2F41 /* so_stop_times.txt */,
				E43675292266124F00EE2F41 /* so_stops.txt */,
				E436752A2266124F00EE2F41 /* so_trips.txt */,
			);
			path = SO;
			sourceTree = "<group>";
		};
/* End PBXGroup section */

/* Begin PBXNativeTarget section */
		7245749F2241492A00C26197 /* colval */ = {
			isa = PBXNativeTarget;
			buildConfigurationList = 724574BD2241492D00C26197 /* Build configuration list for PBXNativeTarget "colval" */;
			buildPhases = (
				7245749C2241492A00C26197 /* Sources */,
				7245749D2241492A00C26197 /* Frameworks */,
				7245749E2241492A00C26197 /* Resources */,
			);
			buildRules = (
			);
			dependencies = (
			);
			name = colval;
			productName = colval;
			productReference = 724574A02241492A00C26197 /* colval.app */;
			productType = "com.apple.product-type.application";
		};
		724574B32241492D00C26197 /* colvalTests */ = {
			isa = PBXNativeTarget;
			buildConfigurationList = 724574C02241492D00C26197 /* Build configuration list for PBXNativeTarget "colvalTests" */;
			buildPhases = (
				724574B02241492D00C26197 /* Sources */,
				724574B12241492D00C26197 /* Frameworks */,
				724574B22241492D00C26197 /* Resources */,
			);
			buildRules = (
			);
			dependencies = (
				724574B62241492D00C26197 /* PBXTargetDependency */,
			);
			name = colvalTests;
			productName = colvalTests;
			productReference = 724574B42241492D00C26197 /* colvalTests.xctest */;
			productType = "com.apple.product-type.bundle.unit-test";
		};
/* End PBXNativeTarget section */

/* Begin PBXProject section */
		724574982241492A00C26197 /* Project object */ = {
			isa = PBXProject;
			attributes = {
				LastSwiftUpdateCheck = 1010;
				LastUpgradeCheck = 1010;
				ORGANIZATIONNAME = "Alexandre Arsenault";
				TargetAttributes = {
					7245749F2241492A00C26197 = {
						CreatedOnToolsVersion = 10.1;
					};
					724574B32241492D00C26197 = {
						CreatedOnToolsVersion = 10.1;
						TestTargetID = 7245749F2241492A00C26197;
					};
				};
			};
			buildConfigurationList = 7245749B2241492A00C26197 /* Build configuration list for PBXProject "colval" */;
			compatibilityVersion = "Xcode 9.3";
			developmentRegion = en;
			hasScannedForEncodings = 0;
			knownRegions = (
				en,
				Base,
			);
			mainGroup = 724574972241492A00C26197;
			productRefGroup = 724574A12241492A00C26197 /* Products */;
			projectDirPath = "";
			projectRoot = "";
			targets = (
				7245749F2241492A00C26197 /* colval */,
				724574B32241492D00C26197 /* colvalTests */,
			);
		};
/* End PBXProject section */

/* Begin PBXResourcesBuildPhase section */
		7245749E2241492A00C26197 /* Resources */ = {
			isa = PBXResourcesBuildPhase;
			buildActionMask = 2147483647;
			files = (
				72BB3EC52266A8DF0048D450 /* pi_agency.txt in Resources */,
				72BB3EC62266A8DF0048D450 /* pi_calendar.txt in Resources */,
				72BB3EC72266A8DF0048D450 /* pi_calendar_dates.txt in Resources */,
				72BB3EC82266A8DF0048D450 /* pi_fare_attributes.txt in Resources */,
				72BB3EC92266A8DF0048D450 /* pi_fare_rules.txt in Resources */,
				72BB3ECA2266A8DF0048D450 /* pi_routes.txt in Resources */,
				72BB3ECB2266A8DF0048D450 /* pi_shapes.txt in Resources */,
				72BB3ECC2266A8DF0048D450 /* pi_stop_times.txt in Resources */,
				72BB3ECD2266A8DF0048D450 /* pi_stops.txt in Resources */,
				72BB3ECE2266A8DF0048D450 /* pi_trips.txt in Resources */,
				72BB3ECF2266A8DF0048D450 /* so_agency.txt in Resources */,
				72BB3ED02266A8DF0048D450 /* so_calendar.txt in Resources */,
				72BB3ED12266A8DF0048D450 /* so_calendar_dates.txt in Resources */,
				72BB3ED22266A8DF0048D450 /* so_fare_attributes.txt in Resources */,
				72BB3ED32266A8DF0048D450 /* so_fare_rules.txt in Resources */,
				72BB3ED42266A8DF0048D450 /* so_routes.txt in Resources */,
				72BB3ED52266A8DF0048D450 /* so_shapes.txt in Resources */,
				72BB3ED62266A8DF0048D450 /* so_stop_times.txt in Resources */,
				72BB3ED72266A8DF0048D450 /* so_stops.txt in Resources */,
				72BB3ED82266A8DF0048D450 /* so_trips.txt in Resources */,
				E43675402266143A00EE2F41 /* AppDelegate.swift in Resources */,
				E43675412266143A00EE2F41 /* ViewController.swift in Resources */,
				E43675422266143A00EE2F41 /* LaunchScreen.storyboard in Resources */,
				E43675432266143A00EE2F41 /* Assets.xcassets in Resources */,
				E436753F226613DF00EE2F41 /* Main.storyboard in Resources */,
			);
			runOnlyForDeploymentPostprocessing = 0;
		};
		724574B22241492D00C26197 /* Resources */ = {
			isa = PBXResourcesBuildPhase;
			buildActionMask = 2147483647;
			files = (
			);
			runOnlyForDeploymentPostprocessing = 0;
		};
/* End PBXResourcesBuildPhase section */

/* Begin PBXSourcesBuildPhase section */
		7245749C2241492A00C26197 /* Sources */ = {
			isa = PBXSourcesBuildPhase;
			buildActionMask = 2147483647;
			files = (
				7285BED722562DEA00B454DE /* CoreData.swift in Sources */,
				721AF4D82255A23300489053 /* GTSFStore.xcdatamodeld in Sources */,
				E4F2F787227FE68B008444AF /* AlarmController.swift in Sources */,
				72BB3F3B2266B73B0048D450 /* Agency+CoreDataClass.swift in Sources */,
				72BB3F4A2266B8C10048D450 /* Calender+CoreDataClass.swift in Sources */,
				725083DD226AB15500EBC75E /* Stops+CoreDataClass.swift in Sources */,
				724574EF224149EC00C26197 /* ReservationControler.swift in Sources */,
				72BB3F452266B73B0048D450 /* Routes+CoreDataClass.swift in Sources */,
				72BB3F472266B73B0048D450 /* Shape+CoreDataClass.swift in Sources */,
				72BB3F432266B73B0048D450 /* Trips+CoreDataClass.swift in Sources */,
				72BB3F3F2266B73B0048D450 /* StopTimes+CoreDataClass.swift in Sources */,
				7285BEDB22562F1200B454DE /* DefaultData.swift in Sources */,
				724574E9224149DE00C26197 /* Rent.swift in Sources */,
				724574EA224149DE00C26197 /* Parking.swift in Sources */,
				7203F334225D76F400DD5618 /* PublicParking.swift in Sources */,
				724574E8224149DE00C26197 /* User.swift in Sources */,
				724574CB224149D100C26197 /* DataControler.swift in Sources */,
				724574EE224149EC00C26197 /* ViewController.swift in Sources */,
				720965DE224A790700C4F26E /* LoginViewControler.swift in Sources */,
				724574CD224149D100C26197 /* BusControler.swift in Sources */,
				E4B60E742268BAA600DD6C85 /* BusMapViewController.swift in Sources */,
				72AA7E18226A394100B6B4CB /* RouteDataManager.swift in Sources */,
				72AA7E16226A2EBD00B6B4CB /* RouteTVControler.swift in Sources */,
				72DACFBC226A0AB600E66D24 /* RouteTableViewCell.swift in Sources */,
				724574CC224149D100C26197 /* ParkingViewController.swift in Sources */,
				72D2DE00226CC7B200BE9A73 /* FavRouteTableViewCell.swift in Sources */,
				E4F2F785227FDDF3008444AF /* AnotationButton.swift in Sources */,
				72AA7E1A226A412500B6B4CB /* RouteTVControlerListener.swift in Sources */,
				724574A42241492A00C26197 /* AppDelegate.swift in Sources */,
				7285BED922562E1E00B454DE /* DatelUtil.swift in Sources */,
				7203F336225D7A3100DD5618 /* JSONUtil.swift in Sources */,
				72BB3EB0226699260048D450 /* CSVUtil.swift in Sources */,
				E4B60E732268BAA600DD6C85 /* LineSelectorController.swift in Sources */,
			);
			runOnlyForDeploymentPostprocessing = 0;
		};
		724574B02241492D00C26197 /* Sources */ = {
			isa = PBXSourcesBuildPhase;
			buildActionMask = 2147483647;
			files = (
				724574B92241492D00C26197 /* colvalTests.swift in Sources */,
			);
			runOnlyForDeploymentPostprocessing = 0;
		};
/* End PBXSourcesBuildPhase section */

/* Begin PBXTargetDependency section */
		724574B62241492D00C26197 /* PBXTargetDependency */ = {
			isa = PBXTargetDependency;
			target = 7245749F2241492A00C26197 /* colval */;
			targetProxy = 724574B52241492D00C26197 /* PBXContainerItemProxy */;
		};
/* End PBXTargetDependency section */

/* Begin XCBuildConfiguration section */
		724574BB2241492D00C26197 /* Debug */ = {
			isa = XCBuildConfiguration;
			buildSettings = {
				ALWAYS_SEARCH_USER_PATHS = NO;
				CLANG_ANALYZER_NONNULL = YES;
				CLANG_ANALYZER_NUMBER_OBJECT_CONVERSION = YES_AGGRESSIVE;
				CLANG_CXX_LANGUAGE_STANDARD = "gnu++14";
				CLANG_CXX_LIBRARY = "libc++";
				CLANG_ENABLE_MODULES = YES;
				CLANG_ENABLE_OBJC_ARC = YES;
				CLANG_ENABLE_OBJC_WEAK = YES;
				CLANG_WARN_BLOCK_CAPTURE_AUTORELEASING = YES;
				CLANG_WARN_BOOL_CONVERSION = YES;
				CLANG_WARN_COMMA = YES;
				CLANG_WARN_CONSTANT_CONVERSION = YES;
				CLANG_WARN_DEPRECATED_OBJC_IMPLEMENTATIONS = YES;
				CLANG_WARN_DIRECT_OBJC_ISA_USAGE = YES_ERROR;
				CLANG_WARN_DOCUMENTATION_COMMENTS = YES;
				CLANG_WARN_EMPTY_BODY = YES;
				CLANG_WARN_ENUM_CONVERSION = YES;
				CLANG_WARN_INFINITE_RECURSION = YES;
				CLANG_WARN_INT_CONVERSION = YES;
				CLANG_WARN_NON_LITERAL_NULL_CONVERSION = YES;
				CLANG_WARN_OBJC_IMPLICIT_RETAIN_SELF = YES;
				CLANG_WARN_OBJC_LITERAL_CONVERSION = YES;
				CLANG_WARN_OBJC_ROOT_CLASS = YES_ERROR;
				CLANG_WARN_RANGE_LOOP_ANALYSIS = YES;
				CLANG_WARN_STRICT_PROTOTYPES = YES;
				CLANG_WARN_SUSPICIOUS_MOVE = YES;
				CLANG_WARN_UNGUARDED_AVAILABILITY = YES_AGGRESSIVE;
				CLANG_WARN_UNREACHABLE_CODE = YES;
				CLANG_WARN__DUPLICATE_METHOD_MATCH = YES;
				CODE_SIGN_IDENTITY = "iPhone Developer";
				COPY_PHASE_STRIP = NO;
				DEBUG_INFORMATION_FORMAT = dwarf;
				ENABLE_STRICT_OBJC_MSGSEND = YES;
				ENABLE_TESTABILITY = YES;
				GCC_C_LANGUAGE_STANDARD = gnu11;
				GCC_DYNAMIC_NO_PIC = NO;
				GCC_NO_COMMON_BLOCKS = YES;
				GCC_OPTIMIZATION_LEVEL = 0;
				GCC_PREPROCESSOR_DEFINITIONS = (
					"DEBUG=1",
					"$(inherited)",
				);
				GCC_WARN_64_TO_32_BIT_CONVERSION = YES;
				GCC_WARN_ABOUT_RETURN_TYPE = YES_ERROR;
				GCC_WARN_UNDECLARED_SELECTOR = YES;
				GCC_WARN_UNINITIALIZED_AUTOS = YES_AGGRESSIVE;
				GCC_WARN_UNUSED_FUNCTION = YES;
				GCC_WARN_UNUSED_VARIABLE = YES;
				IPHONEOS_DEPLOYMENT_TARGET = 12.1;
				MTL_ENABLE_DEBUG_INFO = INCLUDE_SOURCE;
				MTL_FAST_MATH = YES;
				ONLY_ACTIVE_ARCH = YES;
				SDKROOT = iphoneos;
				SWIFT_ACTIVE_COMPILATION_CONDITIONS = DEBUG;
				SWIFT_OPTIMIZATION_LEVEL = "-Onone";
			};
			name = Debug;
		};
		724574BC2241492D00C26197 /* Release */ = {
			isa = XCBuildConfiguration;
			buildSettings = {
				ALWAYS_SEARCH_USER_PATHS = NO;
				CLANG_ANALYZER_NONNULL = YES;
				CLANG_ANALYZER_NUMBER_OBJECT_CONVERSION = YES_AGGRESSIVE;
				CLANG_CXX_LANGUAGE_STANDARD = "gnu++14";
				CLANG_CXX_LIBRARY = "libc++";
				CLANG_ENABLE_MODULES = YES;
				CLANG_ENABLE_OBJC_ARC = YES;
				CLANG_ENABLE_OBJC_WEAK = YES;
				CLANG_WARN_BLOCK_CAPTURE_AUTORELEASING = YES;
				CLANG_WARN_BOOL_CONVERSION = YES;
				CLANG_WARN_COMMA = YES;
				CLANG_WARN_CONSTANT_CONVERSION = YES;
				CLANG_WARN_DEPRECATED_OBJC_IMPLEMENTATIONS = YES;
				CLANG_WARN_DIRECT_OBJC_ISA_USAGE = YES_ERROR;
				CLANG_WARN_DOCUMENTATION_COMMENTS = YES;
				CLANG_WARN_EMPTY_BODY = YES;
				CLANG_WARN_ENUM_CONVERSION = YES;
				CLANG_WARN_INFINITE_RECURSION = YES;
				CLANG_WARN_INT_CONVERSION = YES;
				CLANG_WARN_NON_LITERAL_NULL_CONVERSION = YES;
				CLANG_WARN_OBJC_IMPLICIT_RETAIN_SELF = YES;
				CLANG_WARN_OBJC_LITERAL_CONVERSION = YES;
				CLANG_WARN_OBJC_ROOT_CLASS = YES_ERROR;
				CLANG_WARN_RANGE_LOOP_ANALYSIS = YES;
				CLANG_WARN_STRICT_PROTOTYPES = YES;
				CLANG_WARN_SUSPICIOUS_MOVE = YES;
				CLANG_WARN_UNGUARDED_AVAILABILITY = YES_AGGRESSIVE;
				CLANG_WARN_UNREACHABLE_CODE = YES;
				CLANG_WARN__DUPLICATE_METHOD_MATCH = YES;
				CODE_SIGN_IDENTITY = "iPhone Developer";
				COPY_PHASE_STRIP = NO;
				DEBUG_INFORMATION_FORMAT = "dwarf-with-dsym";
				ENABLE_NS_ASSERTIONS = NO;
				ENABLE_STRICT_OBJC_MSGSEND = YES;
				GCC_C_LANGUAGE_STANDARD = gnu11;
				GCC_NO_COMMON_BLOCKS = YES;
				GCC_WARN_64_TO_32_BIT_CONVERSION = YES;
				GCC_WARN_ABOUT_RETURN_TYPE = YES_ERROR;
				GCC_WARN_UNDECLARED_SELECTOR = YES;
				GCC_WARN_UNINITIALIZED_AUTOS = YES_AGGRESSIVE;
				GCC_WARN_UNUSED_FUNCTION = YES;
				GCC_WARN_UNUSED_VARIABLE = YES;
				IPHONEOS_DEPLOYMENT_TARGET = 12.1;
				MTL_ENABLE_DEBUG_INFO = NO;
				MTL_FAST_MATH = YES;
				SDKROOT = iphoneos;
				SWIFT_COMPILATION_MODE = wholemodule;
				SWIFT_OPTIMIZATION_LEVEL = "-O";
				VALIDATE_PRODUCT = YES;
			};
			name = Release;
		};
		724574BE2241492D00C26197 /* Debug */ = {
			isa = XCBuildConfiguration;
			buildSettings = {
				ASSETCATALOG_COMPILER_APPICON_NAME = AppIcon;
				CODE_SIGN_STYLE = Automatic;
				DEVELOPMENT_TEAM = M786H5UCG4;
				FRAMEWORK_SEARCH_PATHS = (
					"$(inherited)",
					"$(PROJECT_DIR)",
				);
				INFOPLIST_FILE = colval/Info.plist;
				LD_RUNPATH_SEARCH_PATHS = (
					"$(inherited)",
					"@executable_path/Frameworks",
				);
				PRODUCT_BUNDLE_IDENTIFIER = aa.colval;
				PRODUCT_NAME = "$(TARGET_NAME)";
				SWIFT_VERSION = 4.2;
				TARGETED_DEVICE_FAMILY = "1,2";
			};
			name = Debug;
		};
		724574BF2241492D00C26197 /* Release */ = {
			isa = XCBuildConfiguration;
			buildSettings = {
				ASSETCATALOG_COMPILER_APPICON_NAME = AppIcon;
				CODE_SIGN_STYLE = Automatic;
				DEVELOPMENT_TEAM = M786H5UCG4;
				FRAMEWORK_SEARCH_PATHS = (
					"$(inherited)",
					"$(PROJECT_DIR)",
				);
				INFOPLIST_FILE = colval/Info.plist;
				LD_RUNPATH_SEARCH_PATHS = (
					"$(inherited)",
					"@executable_path/Frameworks",
				);
				PRODUCT_BUNDLE_IDENTIFIER = aa.colval;
				PRODUCT_NAME = "$(TARGET_NAME)";
				SWIFT_VERSION = 4.2;
				TARGETED_DEVICE_FAMILY = "1,2";
			};
			name = Release;
		};
		724574C12241492D00C26197 /* Debug */ = {
			isa = XCBuildConfiguration;
			buildSettings = {
				ALWAYS_EMBED_SWIFT_STANDARD_LIBRARIES = YES;
				BUNDLE_LOADER = "$(TEST_HOST)";
				CODE_SIGN_STYLE = Automatic;
				DEVELOPMENT_TEAM = M786H5UCG4;
				FRAMEWORK_SEARCH_PATHS = (
					"$(inherited)",
					"$(PROJECT_DIR)/colvalTests",
				);
				INFOPLIST_FILE = colvalTests/Info.plist;
				LD_RUNPATH_SEARCH_PATHS = (
					"$(inherited)",
					"@executable_path/Frameworks",
					"@loader_path/Frameworks",
				);
				PRODUCT_BUNDLE_IDENTIFIER = aa.colvalTests;
				PRODUCT_NAME = "$(TARGET_NAME)";
				SWIFT_VERSION = 4.2;
				TARGETED_DEVICE_FAMILY = "1,2";
				TEST_HOST = "$(BUILT_PRODUCTS_DIR)/colval.app/colval";
			};
			name = Debug;
		};
		724574C22241492D00C26197 /* Release */ = {
			isa = XCBuildConfiguration;
			buildSettings = {
				ALWAYS_EMBED_SWIFT_STANDARD_LIBRARIES = YES;
				BUNDLE_LOADER = "$(TEST_HOST)";
				CODE_SIGN_STYLE = Automatic;
				DEVELOPMENT_TEAM = M786H5UCG4;
				FRAMEWORK_SEARCH_PATHS = (
					"$(inherited)",
					"$(PROJECT_DIR)/colvalTests",
				);
				INFOPLIST_FILE = colvalTests/Info.plist;
				LD_RUNPATH_SEARCH_PATHS = (
					"$(inherited)",
					"@executable_path/Frameworks",
					"@loader_path/Frameworks",
				);
				PRODUCT_BUNDLE_IDENTIFIER = aa.colvalTests;
				PRODUCT_NAME = "$(TARGET_NAME)";
				SWIFT_VERSION = 4.2;
				TARGETED_DEVICE_FAMILY = "1,2";
				TEST_HOST = "$(BUILT_PRODUCTS_DIR)/colval.app/colval";
			};
			name = Release;
		};
/* End XCBuildConfiguration section */

/* Begin XCConfigurationList section */
		7245749B2241492A00C26197 /* Build configuration list for PBXProject "colval" */ = {
			isa = XCConfigurationList;
			buildConfigurations = (
				724574BB2241492D00C26197 /* Debug */,
				724574BC2241492D00C26197 /* Release */,
			);
			defaultConfigurationIsVisible = 0;
			defaultConfigurationName = Release;
		};
		724574BD2241492D00C26197 /* Build configuration list for PBXNativeTarget "colval" */ = {
			isa = XCConfigurationList;
			buildConfigurations = (
				724574BE2241492D00C26197 /* Debug */,
				724574BF2241492D00C26197 /* Release */,
			);
			defaultConfigurationIsVisible = 0;
			defaultConfigurationName = Release;
		};
		724574C02241492D00C26197 /* Build configuration list for PBXNativeTarget "colvalTests" */ = {
			isa = XCConfigurationList;
			buildConfigurations = (
				724574C12241492D00C26197 /* Debug */,
				724574C22241492D00C26197 /* Release */,
			);
			defaultConfigurationIsVisible = 0;
			defaultConfigurationName = Release;
		};
/* End XCConfigurationList section */

/* Begin XCVersionGroup section */
		721AF4D62255A23300489053 /* GTSFStore.xcdatamodeld */ = {
			isa = XCVersionGroup;
			children = (
				721AF4D72255A23300489053 /* GTSFStore.xcdatamodel */,
			);
			currentVersion = 721AF4D72255A23300489053 /* GTSFStore.xcdatamodel */;
			path = GTSFStore.xcdatamodeld;
			sourceTree = "<group>";
			versionGroupType = wrapper.xcdatamodel;
		};
/* End XCVersionGroup section */
	};
	rootObject = 724574982241492A00C26197 /* Project object */;
}
