// !$*UTF8*$!
{
	archiveVersion = 1;
	classes = {
	};
	objectVersion = 50;
	objects = {

/* Begin PBXBuildFile section */
		7203F334225D76F400DD5618 /* PublicParking.swift in Sources */ = {isa = PBXBuildFile; fileRef = 7203F333225D76F400DD5618 /* PublicParking.swift */; };
		7203F336225D7A3100DD5618 /* JSONUtil.swift in Sources */ = {isa = PBXBuildFile; fileRef = 7203F335225D7A3100DD5618 /* JSONUtil.swift */; };
		720965DE224A790700C4F26E /* LoginViewControler.swift in Sources */ = {isa = PBXBuildFile; fileRef = 720965DD224A790700C4F26E /* LoginViewControler.swift */; };
		721AF4D82255A23300489053 /* GTSFStore.xcdatamodeld in Sources */ = {isa = PBXBuildFile; fileRef = 721AF4D62255A23300489053 /* GTSFStore.xcdatamodeld */; };
		724574A42241492A00C26197 /* AppDelegate.swift in Sources */ = {isa = PBXBuildFile; fileRef = 724574A32241492A00C26197 /* AppDelegate.swift */; };
		724574AB2241492D00C26197 /* Assets.xcassets in Resources */ = {isa = PBXBuildFile; fileRef = 724574AA2241492D00C26197 /* Assets.xcassets */; };
		724574B92241492D00C26197 /* colvalTests.swift in Sources */ = {isa = PBXBuildFile; fileRef = 724574B82241492D00C26197 /* colvalTests.swift */; };
		724574C5224149AA00C26197 /* LaunchScreen.storyboard in Resources */ = {isa = PBXBuildFile; fileRef = 724574C3224149AA00C26197 /* LaunchScreen.storyboard */; };
		724574C6224149AA00C26197 /* Main.storyboard in Resources */ = {isa = PBXBuildFile; fileRef = 724574C4224149AA00C26197 /* Main.storyboard */; };
		724574CB224149D100C26197 /* DataControler.swift in Sources */ = {isa = PBXBuildFile; fileRef = 724574C8224149D100C26197 /* DataControler.swift */; };
		724574CC224149D100C26197 /* ParkingViewController.swift in Sources */ = {isa = PBXBuildFile; fileRef = 724574C9224149D100C26197 /* ParkingViewController.swift */; };
		724574CD224149D100C26197 /* BusControler.swift in Sources */ = {isa = PBXBuildFile; fileRef = 724574CA224149D100C26197 /* BusControler.swift */; };
		724574DE224149DE00C26197 /* xcalendar_dates.swift in Sources */ = {isa = PBXBuildFile; fileRef = 724574D0224149DE00C26197 /* xcalendar_dates.swift */; };
		724574DF224149DE00C26197 /* xstops.swift in Sources */ = {isa = PBXBuildFile; fileRef = 724574D1224149DE00C26197 /* xstops.swift */; };
		724574E0224149DE00C26197 /* xstop_times.swift in Sources */ = {isa = PBXBuildFile; fileRef = 724574D2224149DE00C26197 /* xstop_times.swift */; };
		724574E1224149DE00C26197 /* xtrips.swift in Sources */ = {isa = PBXBuildFile; fileRef = 724574D3224149DE00C26197 /* xtrips.swift */; };
		724574E2224149DE00C26197 /* xcalender.swift in Sources */ = {isa = PBXBuildFile; fileRef = 724574D4224149DE00C26197 /* xcalender.swift */; };
		724574E3224149DE00C26197 /* xagency.swift in Sources */ = {isa = PBXBuildFile; fileRef = 724574D5224149DE00C26197 /* xagency.swift */; };
		724574E4224149DE00C26197 /* xshapes.swift in Sources */ = {isa = PBXBuildFile; fileRef = 724574D6224149DE00C26197 /* xshapes.swift */; };
		724574E5224149DE00C26197 /* xfare_attributes.swift in Sources */ = {isa = PBXBuildFile; fileRef = 724574D7224149DE00C26197 /* xfare_attributes.swift */; };
		724574E6224149DE00C26197 /* xroutes.swift in Sources */ = {isa = PBXBuildFile; fileRef = 724574D8224149DE00C26197 /* xroutes.swift */; };
		724574E7224149DE00C26197 /* xfare_rules.swift in Sources */ = {isa = PBXBuildFile; fileRef = 724574D9224149DE00C26197 /* xfare_rules.swift */; };
		724574E8224149DE00C26197 /* User.swift in Sources */ = {isa = PBXBuildFile; fileRef = 724574DA224149DE00C26197 /* User.swift */; };
		724574E9224149DE00C26197 /* Rent.swift in Sources */ = {isa = PBXBuildFile; fileRef = 724574DB224149DE00C26197 /* Rent.swift */; };
		724574EA224149DE00C26197 /* Parking.swift in Sources */ = {isa = PBXBuildFile; fileRef = 724574DC224149DE00C26197 /* Parking.swift */; };
		724574EE224149EC00C26197 /* ViewController.swift in Sources */ = {isa = PBXBuildFile; fileRef = 724574EC224149EC00C26197 /* ViewController.swift */; };
		724574EF224149EC00C26197 /* ReservationControler.swift in Sources */ = {isa = PBXBuildFile; fileRef = 724574ED224149EC00C26197 /* ReservationControler.swift */; };
		7285BED722562DEA00B454DE /* CoreData.swift in Sources */ = {isa = PBXBuildFile; fileRef = 7285BED622562DEA00B454DE /* CoreData.swift */; };
		7285BED922562E1E00B454DE /* Util.swift in Sources */ = {isa = PBXBuildFile; fileRef = 7285BED822562E1E00B454DE /* Util.swift */; };
		7285BEDB22562F1200B454DE /* DefaultData.swift in Sources */ = {isa = PBXBuildFile; fileRef = 7285BEDA22562F1200B454DE /* DefaultData.swift */; };
		E4290BEF225FA0380059F924 /* Stops+CoreDataClass.swift in Sources */ = {isa = PBXBuildFile; fileRef = E4290BE1225FA0380059F924 /* Stops+CoreDataClass.swift */; };
		E4290BF0225FA0380059F924 /* Stops+CoreDataProperties.swift in Sources */ = {isa = PBXBuildFile; fileRef = E4290BE2225FA0380059F924 /* Stops+CoreDataProperties.swift */; };
		E4290BF1225FA0380059F924 /* StopTimes+CoreDataClass.swift in Sources */ = {isa = PBXBuildFile; fileRef = E4290BE3225FA0380059F924 /* StopTimes+CoreDataClass.swift */; };
		E4290BF2225FA0380059F924 /* StopTimes+CoreDataProperties.swift in Sources */ = {isa = PBXBuildFile; fileRef = E4290BE4225FA0380059F924 /* StopTimes+CoreDataProperties.swift */; };
		E4290BF3225FA0380059F924 /* Calender+CoreDataClass.swift in Sources */ = {isa = PBXBuildFile; fileRef = E4290BE5225FA0380059F924 /* Calender+CoreDataClass.swift */; };
		E4290BF4225FA0380059F924 /* Calender+CoreDataProperties.swift in Sources */ = {isa = PBXBuildFile; fileRef = E4290BE6225FA0380059F924 /* Calender+CoreDataProperties.swift */; };
		E4290BF5225FA0380059F924 /* Routes+CoreDataClass.swift in Sources */ = {isa = PBXBuildFile; fileRef = E4290BE7225FA0380059F924 /* Routes+CoreDataClass.swift */; };
		E4290BF6225FA0380059F924 /* Routes+CoreDataProperties.swift in Sources */ = {isa = PBXBuildFile; fileRef = E4290BE8225FA0380059F924 /* Routes+CoreDataProperties.swift */; };
		E4290BF7225FA0380059F924 /* Shape+CoreDataClass.swift in Sources */ = {isa = PBXBuildFile; fileRef = E4290BE9225FA0380059F924 /* Shape+CoreDataClass.swift */; };
		E4290BF8225FA0380059F924 /* Shape+CoreDataProperties.swift in Sources */ = {isa = PBXBuildFile; fileRef = E4290BEA225FA0380059F924 /* Shape+CoreDataProperties.swift */; };
		E4290BF9225FA0380059F924 /* Trips+CoreDataClass.swift in Sources */ = {isa = PBXBuildFile; fileRef = E4290BEB225FA0380059F924 /* Trips+CoreDataClass.swift */; };
		E4290BFA225FA0380059F924 /* Trips+CoreDataProperties.swift in Sources */ = {isa = PBXBuildFile; fileRef = E4290BEC225FA0380059F924 /* Trips+CoreDataProperties.swift */; };
		E4290BFB225FA0380059F924 /* Agency+CoreDataClass.swift in Sources */ = {isa = PBXBuildFile; fileRef = E4290BED225FA0380059F924 /* Agency+CoreDataClass.swift */; };
		E4290BFC225FA0380059F924 /* Agency+CoreDataProperties.swift in Sources */ = {isa = PBXBuildFile; fileRef = E4290BEE225FA0380059F924 /* Agency+CoreDataProperties.swift */; };
/* End PBXBuildFile section */

/* Begin PBXContainerItemProxy section */
		724574B52241492D00C26197 /* PBXContainerItemProxy */ = {
			isa = PBXContainerItemProxy;
			containerPortal = 724574982241492A00C26197 /* Project object */;
			proxyType = 1;
			remoteGlobalIDString = 7245749F2241492A00C26197;
			remoteInfo = colval;
		};
/* End PBXContainerItemProxy section */

/* Begin PBXFileReference section */
		7203F333225D76F400DD5618 /* PublicParking.swift */ = {isa = PBXFileReference; lastKnownFileType = sourcecode.swift; path = PublicParking.swift; sourceTree = "<group>"; };
		7203F335225D7A3100DD5618 /* JSONUtil.swift */ = {isa = PBXFileReference; lastKnownFileType = sourcecode.swift; path = JSONUtil.swift; sourceTree = "<group>"; };
		720965DD224A790700C4F26E /* LoginViewControler.swift */ = {isa = PBXFileReference; lastKnownFileType = sourcecode.swift; path = LoginViewControler.swift; sourceTree = "<group>"; };
		721AF4D72255A23300489053 /* GTSFStore.xcdatamodel */ = {isa = PBXFileReference; lastKnownFileType = wrapper.xcdatamodel; path = GTSFStore.xcdatamodel; sourceTree = "<group>"; };
		724574A02241492A00C26197 /* colval.app */ = {isa = PBXFileReference; explicitFileType = wrapper.application; includeInIndex = 0; path = colval.app; sourceTree = BUILT_PRODUCTS_DIR; };
		724574A32241492A00C26197 /* AppDelegate.swift */ = {isa = PBXFileReference; lastKnownFileType = sourcecode.swift; path = AppDelegate.swift; sourceTree = "<group>"; };
		724574AA2241492D00C26197 /* Assets.xcassets */ = {isa = PBXFileReference; lastKnownFileType = folder.assetcatalog; path = Assets.xcassets; sourceTree = "<group>"; };
		724574AF2241492D00C26197 /* Info.plist */ = {isa = PBXFileReference; lastKnownFileType = text.plist.xml; path = Info.plist; sourceTree = "<group>"; };
		724574B42241492D00C26197 /* colvalTests.xctest */ = {isa = PBXFileReference; explicitFileType = wrapper.cfbundle; includeInIndex = 0; path = colvalTests.xctest; sourceTree = BUILT_PRODUCTS_DIR; };
		724574B82241492D00C26197 /* colvalTests.swift */ = {isa = PBXFileReference; lastKnownFileType = sourcecode.swift; path = colvalTests.swift; sourceTree = "<group>"; };
		724574BA2241492D00C26197 /* Info.plist */ = {isa = PBXFileReference; lastKnownFileType = text.plist.xml; path = Info.plist; sourceTree = "<group>"; };
		724574C3224149AA00C26197 /* LaunchScreen.storyboard */ = {isa = PBXFileReference; fileEncoding = 4; lastKnownFileType = file.storyboard; path = LaunchScreen.storyboard; sourceTree = "<group>"; };
		724574C4224149AA00C26197 /* Main.storyboard */ = {isa = PBXFileReference; fileEncoding = 4; lastKnownFileType = file.storyboard; path = Main.storyboard; sourceTree = "<group>"; };
		724574C8224149D100C26197 /* DataControler.swift */ = {isa = PBXFileReference; fileEncoding = 4; lastKnownFileType = sourcecode.swift; path = DataControler.swift; sourceTree = "<group>"; };
		724574C9224149D100C26197 /* ParkingViewController.swift */ = {isa = PBXFileReference; fileEncoding = 4; lastKnownFileType = sourcecode.swift; path = ParkingViewController.swift; sourceTree = "<group>"; };
		724574CA224149D100C26197 /* BusControler.swift */ = {isa = PBXFileReference; fileEncoding = 4; lastKnownFileType = sourcecode.swift; path = BusControler.swift; sourceTree = "<group>"; };
		724574D0224149DE00C26197 /* xcalendar_dates.swift */ = {isa = PBXFileReference; fileEncoding = 4; lastKnownFileType = sourcecode.swift; path = xcalendar_dates.swift; sourceTree = "<group>"; };
		724574D1224149DE00C26197 /* xstops.swift */ = {isa = PBXFileReference; fileEncoding = 4; lastKnownFileType = sourcecode.swift; path = xstops.swift; sourceTree = "<group>"; };
		724574D2224149DE00C26197 /* xstop_times.swift */ = {isa = PBXFileReference; fileEncoding = 4; lastKnownFileType = sourcecode.swift; path = xstop_times.swift; sourceTree = "<group>"; };
		724574D3224149DE00C26197 /* xtrips.swift */ = {isa = PBXFileReference; fileEncoding = 4; lastKnownFileType = sourcecode.swift; path = xtrips.swift; sourceTree = "<group>"; };
		724574D4224149DE00C26197 /* xcalender.swift */ = {isa = PBXFileReference; fileEncoding = 4; lastKnownFileType = sourcecode.swift; path = xcalender.swift; sourceTree = "<group>"; };
		724574D5224149DE00C26197 /* xagency.swift */ = {isa = PBXFileReference; fileEncoding = 4; lastKnownFileType = sourcecode.swift; path = xagency.swift; sourceTree = "<group>"; };
		724574D6224149DE00C26197 /* xshapes.swift */ = {isa = PBXFileReference; fileEncoding = 4; lastKnownFileType = sourcecode.swift; path = xshapes.swift; sourceTree = "<group>"; };
		724574D7224149DE00C26197 /* xfare_attributes.swift */ = {isa = PBXFileReference; fileEncoding = 4; lastKnownFileType = sourcecode.swift; path = xfare_attributes.swift; sourceTree = "<group>"; };
		724574D8224149DE00C26197 /* xroutes.swift */ = {isa = PBXFileReference; fileEncoding = 4; lastKnownFileType = sourcecode.swift; path = xroutes.swift; sourceTree = "<group>"; };
		724574D9224149DE00C26197 /* xfare_rules.swift */ = {isa = PBXFileReference; fileEncoding = 4; lastKnownFileType = sourcecode.swift; path = xfare_rules.swift; sourceTree = "<group>"; };
		724574DA224149DE00C26197 /* User.swift */ = {isa = PBXFileReference; fileEncoding = 4; lastKnownFileType = sourcecode.swift; path = User.swift; sourceTree = "<group>"; };
		724574DB224149DE00C26197 /* Rent.swift */ = {isa = PBXFileReference; fileEncoding = 4; lastKnownFileType = sourcecode.swift; path = Rent.swift; sourceTree = "<group>"; };
		724574DC224149DE00C26197 /* Parking.swift */ = {isa = PBXFileReference; fileEncoding = 4; lastKnownFileType = sourcecode.swift; path = Parking.swift; sourceTree = "<group>"; };
		724574EC224149EC00C26197 /* ViewController.swift */ = {isa = PBXFileReference; fileEncoding = 4; lastKnownFileType = sourcecode.swift; path = ViewController.swift; sourceTree = "<group>"; };
		724574ED224149EC00C26197 /* ReservationControler.swift */ = {isa = PBXFileReference; fileEncoding = 4; lastKnownFileType = sourcecode.swift; path = ReservationControler.swift; sourceTree = "<group>"; };
		7285BED622562DEA00B454DE /* CoreData.swift */ = {isa = PBXFileReference; fileEncoding = 4; lastKnownFileType = sourcecode.swift; path = CoreData.swift; sourceTree = "<group>"; };
		7285BED822562E1E00B454DE /* Util.swift */ = {isa = PBXFileReference; lastKnownFileType = sourcecode.swift; path = Util.swift; sourceTree = "<group>"; };
		7285BEDA22562F1200B454DE /* DefaultData.swift */ = {isa = PBXFileReference; lastKnownFileType = sourcecode.swift; path = DefaultData.swift; sourceTree = "<group>"; };
		E4290BE1225FA0380059F924 /* Stops+CoreDataClass.swift */ = {isa = PBXFileReference; lastKnownFileType = sourcecode.swift; path = "Stops+CoreDataClass.swift"; sourceTree = "<group>"; };
		E4290BE2225FA0380059F924 /* Stops+CoreDataProperties.swift */ = {isa = PBXFileReference; lastKnownFileType = sourcecode.swift; path = "Stops+CoreDataProperties.swift"; sourceTree = "<group>"; };
		E4290BE3225FA0380059F924 /* StopTimes+CoreDataClass.swift */ = {isa = PBXFileReference; lastKnownFileType = sourcecode.swift; path = "StopTimes+CoreDataClass.swift"; sourceTree = "<group>"; };
		E4290BE4225FA0380059F924 /* StopTimes+CoreDataProperties.swift */ = {isa = PBXFileReference; lastKnownFileType = sourcecode.swift; path = "StopTimes+CoreDataProperties.swift"; sourceTree = "<group>"; };
		E4290BE5225FA0380059F924 /* Calender+CoreDataClass.swift */ = {isa = PBXFileReference; lastKnownFileType = sourcecode.swift; path = "Calender+CoreDataClass.swift"; sourceTree = "<group>"; };
		E4290BE6225FA0380059F924 /* Calender+CoreDataProperties.swift */ = {isa = PBXFileReference; lastKnownFileType = sourcecode.swift; path = "Calender+CoreDataProperties.swift"; sourceTree = "<group>"; };
		E4290BE7225FA0380059F924 /* Routes+CoreDataClass.swift */ = {isa = PBXFileReference; lastKnownFileType = sourcecode.swift; path = "Routes+CoreDataClass.swift"; sourceTree = "<group>"; };
		E4290BE8225FA0380059F924 /* Routes+CoreDataProperties.swift */ = {isa = PBXFileReference; lastKnownFileType = sourcecode.swift; path = "Routes+CoreDataProperties.swift"; sourceTree = "<group>"; };
		E4290BE9225FA0380059F924 /* Shape+CoreDataClass.swift */ = {isa = PBXFileReference; lastKnownFileType = sourcecode.swift; path = "Shape+CoreDataClass.swift"; sourceTree = "<group>"; };
		E4290BEA225FA0380059F924 /* Shape+CoreDataProperties.swift */ = {isa = PBXFileReference; lastKnownFileType = sourcecode.swift; path = "Shape+CoreDataProperties.swift"; sourceTree = "<group>"; };
		E4290BEB225FA0380059F924 /* Trips+CoreDataClass.swift */ = {isa = PBXFileReference; lastKnownFileType = sourcecode.swift; path = "Trips+CoreDataClass.swift"; sourceTree = "<group>"; };
		E4290BEC225FA0380059F924 /* Trips+CoreDataProperties.swift */ = {isa = PBXFileReference; lastKnownFileType = sourcecode.swift; path = "Trips+CoreDataProperties.swift"; sourceTree = "<group>"; };
		E4290BED225FA0380059F924 /* Agency+CoreDataClass.swift */ = {isa = PBXFileReference; lastKnownFileType = sourcecode.swift; path = "Agency+CoreDataClass.swift"; sourceTree = "<group>"; };
		E4290BEE225FA0380059F924 /* Agency+CoreDataProperties.swift */ = {isa = PBXFileReference; lastKnownFileType = sourcecode.swift; path = "Agency+CoreDataProperties.swift"; sourceTree = "<group>"; };
/* End PBXFileReference section */

/* Begin PBXFrameworksBuildPhase section */
		7245749D2241492A00C26197 /* Frameworks */ = {
			isa = PBXFrameworksBuildPhase;
			buildActionMask = 2147483647;
			files = (
			);
			runOnlyForDeploymentPostprocessing = 0;
		};
		724574B12241492D00C26197 /* Frameworks */ = {
			isa = PBXFrameworksBuildPhase;
			buildActionMask = 2147483647;
			files = (
			);
			runOnlyForDeploymentPostprocessing = 0;
		};
/* End PBXFrameworksBuildPhase section */

/* Begin PBXGroup section */
		721AF4D52255A1D800489053 /* CoreData */ = {
			isa = PBXGroup;
			children = (
				72AFD61B225CC925002FFB84 /* Class */,
				72AFD61A225CC910002FFB84 /* Entity */,
			);
			path = CoreData;
			sourceTree = "<group>";
		};
		724574972241492A00C26197 = {
			isa = PBXGroup;
			children = (
				724574A22241492A00C26197 /* colval */,
				724574B72241492D00C26197 /* colvalTests */,
				724574A12241492A00C26197 /* Products */,
			);
			sourceTree = "<group>";
		};
		724574A12241492A00C26197 /* Products */ = {
			isa = PBXGroup;
			children = (
				724574A02241492A00C26197 /* colval.app */,
				724574B42241492D00C26197 /* colvalTests.xctest */,
			);
			name = Products;
			sourceTree = "<group>";
		};
		724574A22241492A00C26197 /* colval */ = {
			isa = PBXGroup;
			children = (
				E4290BE1225FA0380059F924 /* Stops+CoreDataClass.swift */,
				E4290BE2225FA0380059F924 /* Stops+CoreDataProperties.swift */,
				E4290BE3225FA0380059F924 /* StopTimes+CoreDataClass.swift */,
				E4290BE4225FA0380059F924 /* StopTimes+CoreDataProperties.swift */,
				E4290BE5225FA0380059F924 /* Calender+CoreDataClass.swift */,
				E4290BE6225FA0380059F924 /* Calender+CoreDataProperties.swift */,
				E4290BE7225FA0380059F924 /* Routes+CoreDataClass.swift */,
				E4290BE8225FA0380059F924 /* Routes+CoreDataProperties.swift */,
				E4290BE9225FA0380059F924 /* Shape+CoreDataClass.swift */,
				E4290BEA225FA0380059F924 /* Shape+CoreDataProperties.swift */,
				E4290BEB225FA0380059F924 /* Trips+CoreDataClass.swift */,
				E4290BEC225FA0380059F924 /* Trips+CoreDataProperties.swift */,
				E4290BED225FA0380059F924 /* Agency+CoreDataClass.swift */,
				E4290BEE225FA0380059F924 /* Agency+CoreDataProperties.swift */,
				7285BED522562DBF00B454DE /* Data */,
				724574CE224149DE00C26197 /* Model */,
				724574C7224149D100C26197 /* Controler */,
				724574A32241492A00C26197 /* AppDelegate.swift */,
				724574EC224149EC00C26197 /* ViewController.swift */,
				724574C3224149AA00C26197 /* LaunchScreen.storyboard */,
				724574C4224149AA00C26197 /* Main.storyboard */,
				724574AA2241492D00C26197 /* Assets.xcassets */,
				724574AF2241492D00C26197 /* Info.plist */,
			);
			path = colval;
			sourceTree = "<group>";
		};
		724574B72241492D00C26197 /* colvalTests */ = {
			isa = PBXGroup;
			children = (
				724574B82241492D00C26197 /* colvalTests.swift */,
				724574BA2241492D00C26197 /* Info.plist */,
			);
			path = colvalTests;
			sourceTree = "<group>";
		};
		724574C7224149D100C26197 /* Controler */ = {
			isa = PBXGroup;
			children = (
				724574C9224149D100C26197 /* ParkingViewController.swift */,
				720965DD224A790700C4F26E /* LoginViewControler.swift */,
				724574ED224149EC00C26197 /* ReservationControler.swift */,
				724574CA224149D100C26197 /* BusControler.swift */,
			);
			path = Controler;
			sourceTree = "<group>";
		};
		724574CE224149DE00C26197 /* Model */ = {
			isa = PBXGroup;
			children = (
				7285BED322562D6D00B454DE /* Parking */,
				724574CF224149DE00C26197 /* GTSF */,
			);
			path = Model;
			sourceTree = "<group>";
		};
		724574CF224149DE00C26197 /* GTSF */ = {
			isa = PBXGroup;
			children = (
				721AF4D52255A1D800489053 /* CoreData */,
			);
			path = GTSF;
			sourceTree = "<group>";
		};
		7285BED322562D6D00B454DE /* Parking */ = {
			isa = PBXGroup;
			children = (
				724574DA224149DE00C26197 /* User.swift */,
				724574DB224149DE00C26197 /* Rent.swift */,
				724574DC224149DE00C26197 /* Parking.swift */,
				7203F333225D76F400DD5618 /* PublicParking.swift */,
			);
			path = Parking;
			sourceTree = "<group>";
		};
		7285BED522562DBF00B454DE /* Data */ = {
			isa = PBXGroup;
			children = (
				7285BED622562DEA00B454DE /* CoreData.swift */,
				724574C8224149D100C26197 /* DataControler.swift */,
				7285BED822562E1E00B454DE /* Util.swift */,
				7285BEDA22562F1200B454DE /* DefaultData.swift */,
				7203F335225D7A3100DD5618 /* JSONUtil.swift */,
			);
			path = Data;
			sourceTree = "<group>";
		};
		72AFD61A225CC910002FFB84 /* Entity */ = {
			isa = PBXGroup;
			children = (
				721AF4D62255A23300489053 /* GTSFStore.xcdatamodeld */,
			);
			path = Entity;
			sourceTree = "<group>";
		};
		72AFD61B225CC925002FFB84 /* Class */ = {
			isa = PBXGroup;
			children = (
				724574D0224149DE00C26197 /* xcalendar_dates.swift */,
				724574D1224149DE00C26197 /* xstops.swift */,
				724574D2224149DE00C26197 /* xstop_times.swift */,
				724574D3224149DE00C26197 /* xtrips.swift */,
				724574D4224149DE00C26197 /* xcalender.swift */,
				724574D5224149DE00C26197 /* xagency.swift */,
				724574D6224149DE00C26197 /* xshapes.swift */,
				724574D7224149DE00C26197 /* xfare_attributes.swift */,
				724574D8224149DE00C26197 /* xroutes.swift */,
				724574D9224149DE00C26197 /* xfare_rules.swift */,
			);
			name = Class;
			sourceTree = "<group>";
		};
/* End PBXGroup section */

/* Begin PBXNativeTarget section */
		7245749F2241492A00C26197 /* colval */ = {
			isa = PBXNativeTarget;
			buildConfigurationList = 724574BD2241492D00C26197 /* Build configuration list for PBXNativeTarget "colval" */;
			buildPhases = (
				7245749C2241492A00C26197 /* Sources */,
				7245749D2241492A00C26197 /* Frameworks */,
				7245749E2241492A00C26197 /* Resources */,
			);
			buildRules = (
			);
			dependencies = (
			);
			name = colval;
			productName = colval;
			productReference = 724574A02241492A00C26197 /* colval.app */;
			productType = "com.apple.product-type.application";
		};
		724574B32241492D00C26197 /* colvalTests */ = {
			isa = PBXNativeTarget;
			buildConfigurationList = 724574C02241492D00C26197 /* Build configuration list for PBXNativeTarget "colvalTests" */;
			buildPhases = (
				724574B02241492D00C26197 /* Sources */,
				724574B12241492D00C26197 /* Frameworks */,
				724574B22241492D00C26197 /* Resources */,
			);
			buildRules = (
			);
			dependencies = (
				724574B62241492D00C26197 /* PBXTargetDependency */,
			);
			name = colvalTests;
			productName = colvalTests;
			productReference = 724574B42241492D00C26197 /* colvalTests.xctest */;
			productType = "com.apple.product-type.bundle.unit-test";
		};
/* End PBXNativeTarget section */

/* Begin PBXProject section */
		724574982241492A00C26197 /* Project object */ = {
			isa = PBXProject;
			attributes = {
				LastSwiftUpdateCheck = 1010;
				LastUpgradeCheck = 1010;
				ORGANIZATIONNAME = "Alexandre Arsenault";
				TargetAttributes = {
					7245749F2241492A00C26197 = {
						CreatedOnToolsVersion = 10.1;
					};
					724574B32241492D00C26197 = {
						CreatedOnToolsVersion = 10.1;
						TestTargetID = 7245749F2241492A00C26197;
					};
				};
			};
			buildConfigurationList = 7245749B2241492A00C26197 /* Build configuration list for PBXProject "colval" */;
			compatibilityVersion = "Xcode 9.3";
			developmentRegion = en;
			hasScannedForEncodings = 0;
			knownRegions = (
				en,
				Base,
			);
			mainGroup = 724574972241492A00C26197;
			productRefGroup = 724574A12241492A00C26197 /* Products */;
			projectDirPath = "";
			projectRoot = "";
			targets = (
				7245749F2241492A00C26197 /* colval */,
				724574B32241492D00C26197 /* colvalTests */,
			);
		};
/* End PBXProject section */

/* Begin PBXResourcesBuildPhase section */
		7245749E2241492A00C26197 /* Resources */ = {
			isa = PBXResourcesBuildPhase;
			buildActionMask = 2147483647;
			files = (
				724574C6224149AA00C26197 /* Main.storyboard in Resources */,
				724574C5224149AA00C26197 /* LaunchScreen.storyboard in Resources */,
				724574AB2241492D00C26197 /* Assets.xcassets in Resources */,
			);
			runOnlyForDeploymentPostprocessing = 0;
		};
		724574B22241492D00C26197 /* Resources */ = {
			isa = PBXResourcesBuildPhase;
			buildActionMask = 2147483647;
			files = (
			);
			runOnlyForDeploymentPostprocessing = 0;
		};
/* End PBXResourcesBuildPhase section */

/* Begin PBXSourcesBuildPhase section */
		7245749C2241492A00C26197 /* Sources */ = {
			isa = PBXSourcesBuildPhase;
			buildActionMask = 2147483647;
			files = (
				E4290BF9225FA0380059F924 /* Trips+CoreDataClass.swift in Sources */,
				724574EF224149EC00C26197 /* ReservationControler.swift in Sources */,
				E4290BF5225FA0380059F924 /* Routes+CoreDataClass.swift in Sources */,
				E4290BF0225FA0380059F924 /* Stops+CoreDataProperties.swift in Sources */,
				E4290BF7225FA0380059F924 /* Shape+CoreDataClass.swift in Sources */,
				E4290BF3225FA0380059F924 /* Calender+CoreDataClass.swift in Sources */,
				724574CC224149D100C26197 /* ParkingViewController.swift in Sources */,
				724574E5224149DE00C26197 /* xfare_attributes.swift in Sources */,
				E4290BFA225FA0380059F924 /* Trips+CoreDataProperties.swift in Sources */,
				7285BEDB22562F1200B454DE /* DefaultData.swift in Sources */,
				E4290BFB225FA0380059F924 /* Agency+CoreDataClass.swift in Sources */,
				724574E9224149DE00C26197 /* Rent.swift in Sources */,
				7285BED722562DEA00B454DE /* CoreData.swift in Sources */,
				E4290BF6225FA0380059F924 /* Routes+CoreDataProperties.swift in Sources */,
				E4290BEF225FA0380059F924 /* Stops+CoreDataClass.swift in Sources */,
				721AF4D82255A23300489053 /* GTSFStore.xcdatamodeld in Sources */,
				E4290BF1225FA0380059F924 /* StopTimes+CoreDataClass.swift in Sources */,
				724574EA224149DE00C26197 /* Parking.swift in Sources */,
				7203F334225D76F400DD5618 /* PublicParking.swift in Sources */,
				724574E0224149DE00C26197 /* xstop_times.swift in Sources */,
				E4290BFC225FA0380059F924 /* Agency+CoreDataProperties.swift in Sources */,
				724574E8224149DE00C26197 /* User.swift in Sources */,
				724574E4224149DE00C26197 /* xshapes.swift in Sources */,
				720965DE224A790700C4F26E /* LoginViewControler.swift in Sources */,
				724574E1224149DE00C26197 /* xtrips.swift in Sources */,
				E4290BF8225FA0380059F924 /* Shape+CoreDataProperties.swift in Sources */,
				724574CB224149D100C26197 /* DataControler.swift in Sources */,
				724574EE224149EC00C26197 /* ViewController.swift in Sources */,
				7285BED922562E1E00B454DE /* Util.swift in Sources */,
				724574CD224149D100C26197 /* BusControler.swift in Sources */,
				724574DF224149DE00C26197 /* xstops.swift in Sources */,
				724574E6224149DE00C26197 /* xroutes.swift in Sources */,
				724574A42241492A00C26197 /* AppDelegate.swift in Sources */,
				724574DE224149DE00C26197 /* xcalendar_dates.swift in Sources */,
				724574E7224149DE00C26197 /* xfare_rules.swift in Sources */,
				E4290BF2225FA0380059F924 /* StopTimes+CoreDataProperties.swift in Sources */,
				7203F336225D7A3100DD5618 /* JSONUtil.swift in Sources */,
				724574E3224149DE00C26197 /* xagency.swift in Sources */,
				724574E2224149DE00C26197 /* xcalender.swift in Sources */,
				E4290BF4225FA0380059F924 /* Calender+CoreDataProperties.swift in Sources */,
			);
			runOnlyForDeploymentPostprocessing = 0;
		};
		724574B02241492D00C26197 /* Sources */ = {
			isa = PBXSourcesBuildPhase;
			buildActionMask = 2147483647;
			files = (
				724574B92241492D00C26197 /* colvalTests.swift in Sources */,
			);
			runOnlyForDeploymentPostprocessing = 0;
		};
/* End PBXSourcesBuildPhase section */

/* Begin PBXTargetDependency section */
		724574B62241492D00C26197 /* PBXTargetDependency */ = {
			isa = PBXTargetDependency;
			target = 7245749F2241492A00C26197 /* colval */;
			targetProxy = 724574B52241492D00C26197 /* PBXContainerItemProxy */;
		};
/* End PBXTargetDependency section */

/* Begin XCBuildConfiguration section */
		724574BB2241492D00C26197 /* Debug */ = {
			isa = XCBuildConfiguration;
			buildSettings = {
				ALWAYS_SEARCH_USER_PATHS = NO;
				CLANG_ANALYZER_NONNULL = YES;
				CLANG_ANALYZER_NUMBER_OBJECT_CONVERSION = YES_AGGRESSIVE;
				CLANG_CXX_LANGUAGE_STANDARD = "gnu++14";
				CLANG_CXX_LIBRARY = "libc++";
				CLANG_ENABLE_MODULES = YES;
				CLANG_ENABLE_OBJC_ARC = YES;
				CLANG_ENABLE_OBJC_WEAK = YES;
				CLANG_WARN_BLOCK_CAPTURE_AUTORELEASING = YES;
				CLANG_WARN_BOOL_CONVERSION = YES;
				CLANG_WARN_COMMA = YES;
				CLANG_WARN_CONSTANT_CONVERSION = YES;
				CLANG_WARN_DEPRECATED_OBJC_IMPLEMENTATIONS = YES;
				CLANG_WARN_DIRECT_OBJC_ISA_USAGE = YES_ERROR;
				CLANG_WARN_DOCUMENTATION_COMMENTS = YES;
				CLANG_WARN_EMPTY_BODY = YES;
				CLANG_WARN_ENUM_CONVERSION = YES;
				CLANG_WARN_INFINITE_RECURSION = YES;
				CLANG_WARN_INT_CONVERSION = YES;
				CLANG_WARN_NON_LITERAL_NULL_CONVERSION = YES;
				CLANG_WARN_OBJC_IMPLICIT_RETAIN_SELF = YES;
				CLANG_WARN_OBJC_LITERAL_CONVERSION = YES;
				CLANG_WARN_OBJC_ROOT_CLASS = YES_ERROR;
				CLANG_WARN_RANGE_LOOP_ANALYSIS = YES;
				CLANG_WARN_STRICT_PROTOTYPES = YES;
				CLANG_WARN_SUSPICIOUS_MOVE = YES;
				CLANG_WARN_UNGUARDED_AVAILABILITY = YES_AGGRESSIVE;
				CLANG_WARN_UNREACHABLE_CODE = YES;
				CLANG_WARN__DUPLICATE_METHOD_MATCH = YES;
				CODE_SIGN_IDENTITY = "iPhone Developer";
				COPY_PHASE_STRIP = NO;
				DEBUG_INFORMATION_FORMAT = dwarf;
				ENABLE_STRICT_OBJC_MSGSEND = YES;
				ENABLE_TESTABILITY = YES;
				GCC_C_LANGUAGE_STANDARD = gnu11;
				GCC_DYNAMIC_NO_PIC = NO;
				GCC_NO_COMMON_BLOCKS = YES;
				GCC_OPTIMIZATION_LEVEL = 0;
				GCC_PREPROCESSOR_DEFINITIONS = (
					"DEBUG=1",
					"$(inherited)",
				);
				GCC_WARN_64_TO_32_BIT_CONVERSION = YES;
				GCC_WARN_ABOUT_RETURN_TYPE = YES_ERROR;
				GCC_WARN_UNDECLARED_SELECTOR = YES;
				GCC_WARN_UNINITIALIZED_AUTOS = YES_AGGRESSIVE;
				GCC_WARN_UNUSED_FUNCTION = YES;
				GCC_WARN_UNUSED_VARIABLE = YES;
				IPHONEOS_DEPLOYMENT_TARGET = 12.1;
				MTL_ENABLE_DEBUG_INFO = INCLUDE_SOURCE;
				MTL_FAST_MATH = YES;
				ONLY_ACTIVE_ARCH = YES;
				SDKROOT = iphoneos;
				SWIFT_ACTIVE_COMPILATION_CONDITIONS = DEBUG;
				SWIFT_OPTIMIZATION_LEVEL = "-Onone";
			};
			name = Debug;
		};
		724574BC2241492D00C26197 /* Release */ = {
			isa = XCBuildConfiguration;
			buildSettings = {
				ALWAYS_SEARCH_USER_PATHS = NO;
				CLANG_ANALYZER_NONNULL = YES;
				CLANG_ANALYZER_NUMBER_OBJECT_CONVERSION = YES_AGGRESSIVE;
				CLANG_CXX_LANGUAGE_STANDARD = "gnu++14";
				CLANG_CXX_LIBRARY = "libc++";
				CLANG_ENABLE_MODULES = YES;
				CLANG_ENABLE_OBJC_ARC = YES;
				CLANG_ENABLE_OBJC_WEAK = YES;
				CLANG_WARN_BLOCK_CAPTURE_AUTORELEASING = YES;
				CLANG_WARN_BOOL_CONVERSION = YES;
				CLANG_WARN_COMMA = YES;
				CLANG_WARN_CONSTANT_CONVERSION = YES;
				CLANG_WARN_DEPRECATED_OBJC_IMPLEMENTATIONS = YES;
				CLANG_WARN_DIRECT_OBJC_ISA_USAGE = YES_ERROR;
				CLANG_WARN_DOCUMENTATION_COMMENTS = YES;
				CLANG_WARN_EMPTY_BODY = YES;
				CLANG_WARN_ENUM_CONVERSION = YES;
				CLANG_WARN_INFINITE_RECURSION = YES;
				CLANG_WARN_INT_CONVERSION = YES;
				CLANG_WARN_NON_LITERAL_NULL_CONVERSION = YES;
				CLANG_WARN_OBJC_IMPLICIT_RETAIN_SELF = YES;
				CLANG_WARN_OBJC_LITERAL_CONVERSION = YES;
				CLANG_WARN_OBJC_ROOT_CLASS = YES_ERROR;
				CLANG_WARN_RANGE_LOOP_ANALYSIS = YES;
				CLANG_WARN_STRICT_PROTOTYPES = YES;
				CLANG_WARN_SUSPICIOUS_MOVE = YES;
				CLANG_WARN_UNGUARDED_AVAILABILITY = YES_AGGRESSIVE;
				CLANG_WARN_UNREACHABLE_CODE = YES;
				CLANG_WARN__DUPLICATE_METHOD_MATCH = YES;
				CODE_SIGN_IDENTITY = "iPhone Developer";
				COPY_PHASE_STRIP = NO;
				DEBUG_INFORMATION_FORMAT = "dwarf-with-dsym";
				ENABLE_NS_ASSERTIONS = NO;
				ENABLE_STRICT_OBJC_MSGSEND = YES;
				GCC_C_LANGUAGE_STANDARD = gnu11;
				GCC_NO_COMMON_BLOCKS = YES;
				GCC_WARN_64_TO_32_BIT_CONVERSION = YES;
				GCC_WARN_ABOUT_RETURN_TYPE = YES_ERROR;
				GCC_WARN_UNDECLARED_SELECTOR = YES;
				GCC_WARN_UNINITIALIZED_AUTOS = YES_AGGRESSIVE;
				GCC_WARN_UNUSED_FUNCTION = YES;
				GCC_WARN_UNUSED_VARIABLE = YES;
				IPHONEOS_DEPLOYMENT_TARGET = 12.1;
				MTL_ENABLE_DEBUG_INFO = NO;
				MTL_FAST_MATH = YES;
				SDKROOT = iphoneos;
				SWIFT_COMPILATION_MODE = wholemodule;
				SWIFT_OPTIMIZATION_LEVEL = "-O";
				VALIDATE_PRODUCT = YES;
			};
			name = Release;
		};
		724574BE2241492D00C26197 /* Debug */ = {
			isa = XCBuildConfiguration;
			buildSettings = {
				ASSETCATALOG_COMPILER_APPICON_NAME = AppIcon;
				CODE_SIGN_STYLE = Automatic;
				DEVELOPMENT_TEAM = M786H5UCG4;
				FRAMEWORK_SEARCH_PATHS = (
					"$(inherited)",
					"$(PROJECT_DIR)",
				);
				INFOPLIST_FILE = colval/Info.plist;
				LD_RUNPATH_SEARCH_PATHS = (
					"$(inherited)",
					"@executable_path/Frameworks",
				);
				PRODUCT_BUNDLE_IDENTIFIER = aa.colval;
				PRODUCT_NAME = "$(TARGET_NAME)";
				SWIFT_VERSION = 4.2;
				TARGETED_DEVICE_FAMILY = "1,2";
			};
			name = Debug;
		};
		724574BF2241492D00C26197 /* Release */ = {
			isa = XCBuildConfiguration;
			buildSettings = {
				ASSETCATALOG_COMPILER_APPICON_NAME = AppIcon;
				CODE_SIGN_STYLE = Automatic;
				DEVELOPMENT_TEAM = M786H5UCG4;
				FRAMEWORK_SEARCH_PATHS = (
					"$(inherited)",
					"$(PROJECT_DIR)",
				);
				INFOPLIST_FILE = colval/Info.plist;
				LD_RUNPATH_SEARCH_PATHS = (
					"$(inherited)",
					"@executable_path/Frameworks",
				);
				PRODUCT_BUNDLE_IDENTIFIER = aa.colval;
				PRODUCT_NAME = "$(TARGET_NAME)";
				SWIFT_VERSION = 4.2;
				TARGETED_DEVICE_FAMILY = "1,2";
			};
			name = Release;
		};
		724574C12241492D00C26197 /* Debug */ = {
			isa = XCBuildConfiguration;
			buildSettings = {
				ALWAYS_EMBED_SWIFT_STANDARD_LIBRARIES = YES;
				BUNDLE_LOADER = "$(TEST_HOST)";
				CODE_SIGN_STYLE = Automatic;
				DEVELOPMENT_TEAM = M786H5UCG4;
				FRAMEWORK_SEARCH_PATHS = (
					"$(inherited)",
					"$(PROJECT_DIR)/colvalTests",
				);
				INFOPLIST_FILE = colvalTests/Info.plist;
				LD_RUNPATH_SEARCH_PATHS = (
					"$(inherited)",
					"@executable_path/Frameworks",
					"@loader_path/Frameworks",
				);
				PRODUCT_BUNDLE_IDENTIFIER = aa.colvalTests;
				PRODUCT_NAME = "$(TARGET_NAME)";
				SWIFT_VERSION = 4.2;
				TARGETED_DEVICE_FAMILY = "1,2";
				TEST_HOST = "$(BUILT_PRODUCTS_DIR)/colval.app/colval";
			};
			name = Debug;
		};
		724574C22241492D00C26197 /* Release */ = {
			isa = XCBuildConfiguration;
			buildSettings = {
				ALWAYS_EMBED_SWIFT_STANDARD_LIBRARIES = YES;
				BUNDLE_LOADER = "$(TEST_HOST)";
				CODE_SIGN_STYLE = Automatic;
				DEVELOPMENT_TEAM = M786H5UCG4;
				FRAMEWORK_SEARCH_PATHS = (
					"$(inherited)",
					"$(PROJECT_DIR)/colvalTests",
				);
				INFOPLIST_FILE = colvalTests/Info.plist;
				LD_RUNPATH_SEARCH_PATHS = (
					"$(inherited)",
					"@executable_path/Frameworks",
					"@loader_path/Frameworks",
				);
				PRODUCT_BUNDLE_IDENTIFIER = aa.colvalTests;
				PRODUCT_NAME = "$(TARGET_NAME)";
				SWIFT_VERSION = 4.2;
				TARGETED_DEVICE_FAMILY = "1,2";
				TEST_HOST = "$(BUILT_PRODUCTS_DIR)/colval.app/colval";
			};
			name = Release;
		};
/* End XCBuildConfiguration section */

/* Begin XCConfigurationList section */
		7245749B2241492A00C26197 /* Build configuration list for PBXProject "colval" */ = {
			isa = XCConfigurationList;
			buildConfigurations = (
				724574BB2241492D00C26197 /* Debug */,
				724574BC2241492D00C26197 /* Release */,
			);
			defaultConfigurationIsVisible = 0;
			defaultConfigurationName = Release;
		};
		724574BD2241492D00C26197 /* Build configuration list for PBXNativeTarget "colval" */ = {
			isa = XCConfigurationList;
			buildConfigurations = (
				724574BE2241492D00C26197 /* Debug */,
				724574BF2241492D00C26197 /* Release */,
			);
			defaultConfigurationIsVisible = 0;
			defaultConfigurationName = Release;
		};
		724574C02241492D00C26197 /* Build configuration list for PBXNativeTarget "colvalTests" */ = {
			isa = XCConfigurationList;
			buildConfigurations = (
				724574C12241492D00C26197 /* Debug */,
				724574C22241492D00C26197 /* Release */,
			);
			defaultConfigurationIsVisible = 0;
			defaultConfigurationName = Release;
		};
/* End XCConfigurationList section */

/* Begin XCVersionGroup section */
		721AF4D62255A23300489053 /* GTSFStore.xcdatamodeld */ = {
			isa = XCVersionGroup;
			children = (
				721AF4D72255A23300489053 /* GTSFStore.xcdatamodel */,
			);
			currentVersion = 721AF4D72255A23300489053 /* GTSFStore.xcdatamodel */;
			path = GTSFStore.xcdatamodeld;
			sourceTree = "<group>";
			versionGroupType = wrapper.xcdatamodel;
		};
/* End XCVersionGroup section */
	};
	rootObject = 724574982241492A00C26197 /* Project object */;
}
